// !$*UTF8*$!
{
	archiveVersion = 1;
	classes = {
	};
	objectVersion = 46;
	objects = {

/* Begin PBXBuildFile section */
		27242E091E01B02C00DB24F3 /* ReadableValue.swift in Sources */ = {isa = PBXBuildFile; fileRef = 27242E081E01B02C00DB24F3 /* ReadableValue.swift */; };
		27242E0B1E01BE1100DB24F3 /* AqiReadableValue.swift in Sources */ = {isa = PBXBuildFile; fileRef = 27242E0A1E01BE1100DB24F3 /* AqiReadableValue.swift */; };
		27242E0D1E01BEBA00DB24F3 /* Pm25AqiReadableValue.swift in Sources */ = {isa = PBXBuildFile; fileRef = 27242E0C1E01BEBA00DB24F3 /* Pm25AqiReadableValue.swift */; };
		27242E0F1E01DCA800DB24F3 /* HumidityValue.swift in Sources */ = {isa = PBXBuildFile; fileRef = 27242E0E1E01DCA800DB24F3 /* HumidityValue.swift */; };
		27242E111E01DCFC00DB24F3 /* HumidityChannel.swift in Sources */ = {isa = PBXBuildFile; fileRef = 27242E101E01DCFC00DB24F3 /* HumidityChannel.swift */; };
		27242E131E01DD1100DB24F3 /* OzoneChannel.swift in Sources */ = {isa = PBXBuildFile; fileRef = 27242E121E01DD1100DB24F3 /* OzoneChannel.swift */; };
		27242E151E01DD6800DB24F3 /* Pm25Channel.swift in Sources */ = {isa = PBXBuildFile; fileRef = 27242E141E01DD6800DB24F3 /* Pm25Channel.swift */; };
		27242E171E01DD7D00DB24F3 /* TemperatureChannel.swift in Sources */ = {isa = PBXBuildFile; fileRef = 27242E161E01DD7D00DB24F3 /* TemperatureChannel.swift */; };
		27242E191E01DFB500DB24F3 /* TemperatureValue.swift in Sources */ = {isa = PBXBuildFile; fileRef = 27242E181E01DFB500DB24F3 /* TemperatureValue.swift */; };
		27242E1B1E01E00400DB24F3 /* Pm25_InstantCast.swift in Sources */ = {isa = PBXBuildFile; fileRef = 27242E1A1E01E00400DB24F3 /* Pm25_InstantCast.swift */; };
		27242E1D1E01E92400DB24F3 /* Pm25_NowCast.swift in Sources */ = {isa = PBXBuildFile; fileRef = 27242E1C1E01E92400DB24F3 /* Pm25_NowCast.swift */; };
		27242E1F1E01EA4400DB24F3 /* Ozone_InstantCast.swift in Sources */ = {isa = PBXBuildFile; fileRef = 27242E1E1E01EA4400DB24F3 /* Ozone_InstantCast.swift */; };
		2744C3682003E01900A189AA /* LargeParticleValue.swift in Sources */ = {isa = PBXBuildFile; fileRef = 2744C3672003E01900A189AA /* LargeParticleValue.swift */; };
		2744C36A2003E02500A189AA /* SmallParticleValue.swift in Sources */ = {isa = PBXBuildFile; fileRef = 2744C3692003E02500A189AA /* SmallParticleValue.swift */; };
		274F6AE01D0B1C4C0012DE95 /* Scalable.swift in Sources */ = {isa = PBXBuildFile; fileRef = 274F6ADF1D0B1C4C0012DE95 /* Scalable.swift */; };
		274F6AE21D0B1F550012DE95 /* AQIReading.swift in Sources */ = {isa = PBXBuildFile; fileRef = 274F6AE11D0B1F550012DE95 /* AQIReading.swift */; };
		274F6AE41D0B1F640012DE95 /* SpeckReading.swift in Sources */ = {isa = PBXBuildFile; fileRef = 274F6AE31D0B1F640012DE95 /* SpeckReading.swift */; };
		274F6AE61D0B1F800012DE95 /* WHOReading.swift in Sources */ = {isa = PBXBuildFile; fileRef = 274F6AE51D0B1F800012DE95 /* WHOReading.swift */; };
		275D62111E02E725001292D8 /* Ozone_NowCast.swift in Sources */ = {isa = PBXBuildFile; fileRef = 275D62101E02E725001292D8 /* Ozone_NowCast.swift */; };
		275D62141E03036F001292D8 /* Pm25Readable.swift in Sources */ = {isa = PBXBuildFile; fileRef = 275D62131E03036F001292D8 /* Pm25Readable.swift */; };
		275D62161E0303E9001292D8 /* OzoneReadable.swift in Sources */ = {isa = PBXBuildFile; fileRef = 275D62151E0303E9001292D8 /* OzoneReadable.swift */; };
		275D62181E0307C9001292D8 /* HumidityReadable.swift in Sources */ = {isa = PBXBuildFile; fileRef = 275D62171E0307C9001292D8 /* HumidityReadable.swift */; };
		275D621A1E03083B001292D8 /* TemperatureReadable.swift in Sources */ = {isa = PBXBuildFile; fileRef = 275D62191E03083B001292D8 /* TemperatureReadable.swift */; };
		275D621C1E030C2C001292D8 /* Pm25Feed.swift in Sources */ = {isa = PBXBuildFile; fileRef = 275D621B1E030C2C001292D8 /* Pm25Feed.swift */; };
		275D621E1E030F89001292D8 /* AirQualityFeed.swift in Sources */ = {isa = PBXBuildFile; fileRef = 275D621D1E030F89001292D8 /* AirQualityFeed.swift */; };
		275E69881FE2C955009900EF /* LargeParticleReadable.swift in Sources */ = {isa = PBXBuildFile; fileRef = 275E69871FE2C955009900EF /* LargeParticleReadable.swift */; };
		275E698A1FE2C9C2009900EF /* LargeParticleChannel.swift in Sources */ = {isa = PBXBuildFile; fileRef = 275E69891FE2C9C2009900EF /* LargeParticleChannel.swift */; };
		275E698C1FE2CF7B009900EF /* SmallParticleChannel.swift in Sources */ = {isa = PBXBuildFile; fileRef = 275E698B1FE2CF7B009900EF /* SmallParticleChannel.swift */; };
		275E698E1FE2CFBB009900EF /* SmallParticleReadable.swift in Sources */ = {isa = PBXBuildFile; fileRef = 275E698D1FE2CFBB009900EF /* SmallParticleReadable.swift */; };
		275E69901FE2D105009900EF /* Honeybee.swift in Sources */ = {isa = PBXBuildFile; fileRef = 275E698F1FE2D105009900EF /* Honeybee.swift */; };
		275E69921FE2E881009900EF /* EsdrHoneybeesHandler.swift in Sources */ = {isa = PBXBuildFile; fileRef = 275E69911FE2E881009900EF /* EsdrHoneybeesHandler.swift */; };
		279FB4CC1CEA502800B5C8AA /* DailyTrackerController.swift in Sources */ = {isa = PBXBuildFile; fileRef = 279FB4CB1CEA502800B5C8AA /* DailyTrackerController.swift */; };
		27A1593C2006ABA400C7B79F /* HoneybeeReading.swift in Sources */ = {isa = PBXBuildFile; fileRef = 27A1593B2006ABA400C7B79F /* HoneybeeReading.swift */; };
		27C0225A1CEB50CC00C34EFD /* daily_tracker_grid.html in Resources */ = {isa = PBXBuildFile; fileRef = 27C022591CEB50CC00C34EFD /* daily_tracker_grid.html */; };
		27C0225C1CEB50DC00C34EFD /* jquery-1.12.3.min.js in Resources */ = {isa = PBXBuildFile; fileRef = 27C0225B1CEB50DC00C34EFD /* jquery-1.12.3.min.js */; };
		27C32FB81CB594490063BF23 /* ManualOverrides.swift in Sources */ = {isa = PBXBuildFile; fileRef = 27C32FB71CB594490063BF23 /* ManualOverrides.swift */; };
		27D9F7031CE21B490066E1B5 /* DailyFeedTracker.swift in Sources */ = {isa = PBXBuildFile; fileRef = 27D9F7021CE21B490066E1B5 /* DailyFeedTracker.swift */; };
		27D9F7051CE21B550066E1B5 /* DayFeedValue.swift in Sources */ = {isa = PBXBuildFile; fileRef = 27D9F7041CE21B550066E1B5 /* DayFeedValue.swift */; };
		A103E6081BE12A5E0065378D /* SettingsController.swift in Sources */ = {isa = PBXBuildFile; fileRef = A103E6071BE12A5E0065378D /* SettingsController.swift */; };
		A11844AF1BA9E7A600435D11 /* ServicesHandler.swift in Sources */ = {isa = PBXBuildFile; fileRef = A11844AE1BA9E7A600435D11 /* ServicesHandler.swift */; };
		A11844B11BA9FECC00435D11 /* CLLocationService.swift in Sources */ = {isa = PBXBuildFile; fileRef = A11844B01BA9FECC00435D11 /* CLLocationService.swift */; };
		A11844B31BAA0A9D00435D11 /* CoreLocation.framework in Frameworks */ = {isa = PBXBuildFile; fileRef = A11844B21BAA0A9D00435D11 /* CoreLocation.framework */; };
		A14C456B1BA0B2B000D6C9CF /* ReadableIndexController.swift in Sources */ = {isa = PBXBuildFile; fileRef = A14C456A1BA0B2B000D6C9CF /* ReadableIndexController.swift */; };
		A14C456D1BA0B45D00D6C9CF /* ReadableIndexHeader.swift in Sources */ = {isa = PBXBuildFile; fileRef = A14C456C1BA0B45D00D6C9CF /* ReadableIndexHeader.swift */; };
		A14C456F1BA0B46700D6C9CF /* ReadableIndexCell.swift in Sources */ = {isa = PBXBuildFile; fileRef = A14C456E1BA0B46700D6C9CF /* ReadableIndexCell.swift */; };
		A14CA69E1C87309700E61894 /* AirNowDetailsTableCell.swift in Sources */ = {isa = PBXBuildFile; fileRef = A14CA69D1C87309700E61894 /* AirNowDetailsTableCell.swift */; };
		A14E5C741C7CDA2800D08A34 /* HttpHelper.swift in Sources */ = {isa = PBXBuildFile; fileRef = A14E5C731C7CDA2800D08A34 /* HttpHelper.swift */; };
		A15132351BB57CCD0036577D /* Icon-58.png in Resources */ = {isa = PBXBuildFile; fileRef = A15132331BB57CCD0036577D /* Icon-58.png */; };
		A15132361BB57CCD0036577D /* Icon-87.png in Resources */ = {isa = PBXBuildFile; fileRef = A15132341BB57CCD0036577D /* Icon-87.png */; };
		A151323A1BB57CDF0036577D /* Icon-120.png in Resources */ = {isa = PBXBuildFile; fileRef = A15132381BB57CDF0036577D /* Icon-120.png */; };
		A151323C1BB57CEE0036577D /* Icon-180.png in Resources */ = {isa = PBXBuildFile; fileRef = A151323B1BB57CEE0036577D /* Icon-180.png */; };
		A151323E1BB57CFC0036577D /* Icon-29.png in Resources */ = {isa = PBXBuildFile; fileRef = A151323D1BB57CFC0036577D /* Icon-29.png */; };
		A15132401BB57D0C0036577D /* Icon-40.png in Resources */ = {isa = PBXBuildFile; fileRef = A151323F1BB57D0C0036577D /* Icon-40.png */; };
		A15132431BB57D1D0036577D /* Icon-76.png in Resources */ = {isa = PBXBuildFile; fileRef = A15132411BB57D1D0036577D /* Icon-76.png */; };
		A15132441BB57D1D0036577D /* Icon-152.png in Resources */ = {isa = PBXBuildFile; fileRef = A15132421BB57D1D0036577D /* Icon-152.png */; };
		A15132461BB57D7B0036577D /* Icon-80.png in Resources */ = {isa = PBXBuildFile; fileRef = A15132451BB57D7B0036577D /* Icon-80.png */; };
		A1551C631C29BB5F005ED28B /* ReadingsHandler.swift in Sources */ = {isa = PBXBuildFile; fileRef = A1551C621C29BB5F005ED28B /* ReadingsHandler.swift */; };
		A1551C661C29CCFB005ED28B /* ReadingsHandlerCore.swift in Sources */ = {isa = PBXBuildFile; fileRef = A1551C651C29CCFB005ED28B /* ReadingsHandlerCore.swift */; };
		A1551C6A1C29CD72005ED28B /* ReadingsHandlerEditable.swift in Sources */ = {isa = PBXBuildFile; fileRef = A1551C691C29CD72005ED28B /* ReadingsHandlerEditable.swift */; };
		A1551C701C29D35B005ED28B /* GpsReadingHandler.swift in Sources */ = {isa = PBXBuildFile; fileRef = A1551C6F1C29D35B005ED28B /* GpsReadingHandler.swift */; };
		A156757B1B57D537006982A1 /* ResultsTableViewCellAddressSearch.xib in Resources */ = {isa = PBXBuildFile; fileRef = A156757A1B57D537006982A1 /* ResultsTableViewCellAddressSearch.xib */; };
		A156757D1B57D549006982A1 /* ResultsTableViewCellAddressSearch.swift in Sources */ = {isa = PBXBuildFile; fileRef = A156757C1B57D549006982A1 /* ResultsTableViewCellAddressSearch.swift */; };
		A15675811B583AAA006982A1 /* AqiConverter.swift in Sources */ = {isa = PBXBuildFile; fileRef = A15675801B583AAA006982A1 /* AqiConverter.swift */; };
		A15675831B5844C9006982A1 /* MapGeometry.swift in Sources */ = {isa = PBXBuildFile; fileRef = A15675821B5844C9006982A1 /* MapGeometry.swift */; };
		A1567DD61BE3F39F00578095 /* logo_specksensor-black.png in Resources */ = {isa = PBXBuildFile; fileRef = A1567DD51BE3F39F00578095 /* logo_specksensor-black.png */; };
		A158B4D01C21FD48006CC0E5 /* AddressDbHelper.swift in Sources */ = {isa = PBXBuildFile; fileRef = A158B4CF1C21FD48006CC0E5 /* AddressDbHelper.swift */; };
		A158B4D21C21FF27006CC0E5 /* SpeckDbHelper.swift in Sources */ = {isa = PBXBuildFile; fileRef = A158B4D11C21FF27006CC0E5 /* SpeckDbHelper.swift */; };
		A158E1361BCFE6370026944E /* Timer.swift in Sources */ = {isa = PBXBuildFile; fileRef = A158E1351BCFE6370026944E /* Timer.swift */; };
		A158E1381BCFE9B20026944E /* RefreshTimer.swift in Sources */ = {isa = PBXBuildFile; fileRef = A158E1371BCFE9B20026944E /* RefreshTimer.swift */; };
		A158E13A1BCFF9440026944E /* AutocompleteTimer.swift in Sources */ = {isa = PBXBuildFile; fileRef = A158E1391BCFF9440026944E /* AutocompleteTimer.swift */; };
		A158F6111B8E000F00FCE2E1 /* DatabaseHelper.swift in Sources */ = {isa = PBXBuildFile; fileRef = A158F6101B8E000F00FCE2E1 /* DatabaseHelper.swift */; };
		A158F6131B8E305A00FCE2E1 /* EsdrFeedsHandler.swift in Sources */ = {isa = PBXBuildFile; fileRef = A158F6121B8E305A00FCE2E1 /* EsdrFeedsHandler.swift */; };
		A158F6161B8E504500FCE2E1 /* Location.swift in Sources */ = {isa = PBXBuildFile; fileRef = A158F6151B8E504500FCE2E1 /* Location.swift */; };
		A15C18601BA757330070D52D /* twitterlogo_small_white.png in Resources */ = {isa = PBXBuildFile; fileRef = A15C185F1BA757330070D52D /* twitterlogo_small_white.png */; };
		A15C18621BA757F30070D52D /* Dosis-Light.ttf in Resources */ = {isa = PBXBuildFile; fileRef = A15C18611BA757F30070D52D /* Dosis-Light.ttf */; };
		A15CDB3E1C861673002D5C0F /* AqiExplanationDetailsController.swift in Sources */ = {isa = PBXBuildFile; fileRef = A15CDB3D1C861673002D5C0F /* AqiExplanationDetailsController.swift */; };
		A15CDB401C861689002D5C0F /* AirNowDetailsController.swift in Sources */ = {isa = PBXBuildFile; fileRef = A15CDB3F1C861688002D5C0F /* AirNowDetailsController.swift */; };
		A160A0ED1BD6826B0059833F /* ic_mode_edit_2x.png in Resources */ = {isa = PBXBuildFile; fileRef = A160A0EA1BD6826B0059833F /* ic_mode_edit_2x.png */; };
		A160A0EE1BD6826B0059833F /* ic_mode_edit_3x.png in Resources */ = {isa = PBXBuildFile; fileRef = A160A0EB1BD6826B0059833F /* ic_mode_edit_3x.png */; };
		A160A0EF1BD6826B0059833F /* ic_mode_edit.png in Resources */ = {isa = PBXBuildFile; fileRef = A160A0EC1BD6826B0059833F /* ic_mode_edit.png */; };
		A1626DF91B555A79006D990C /* AddressSearchController.swift in Sources */ = {isa = PBXBuildFile; fileRef = A1626DF81B555A79006D990C /* AddressSearchController.swift */; };
		A16481FB1B5D553F0023DE09 /* AddressShowController.swift in Sources */ = {isa = PBXBuildFile; fileRef = A16481FA1B5D553F0023DE09 /* AddressShowController.swift */; };
		A1660FF71B568B6700608C5D /* ResultsControllerAddressSearch.swift in Sources */ = {isa = PBXBuildFile; fileRef = A1660FF61B568B6700608C5D /* ResultsControllerAddressSearch.swift */; };
		A1666F831B54125400A8E39F /* AppDelegate.swift in Sources */ = {isa = PBXBuildFile; fileRef = A1666F821B54125400A8E39F /* AppDelegate.swift */; };
		A1666F861B54125400A8E39F /* AirPrototype.xcdatamodeld in Sources */ = {isa = PBXBuildFile; fileRef = A1666F841B54125400A8E39F /* AirPrototype.xcdatamodeld */; };
		A1666F8B1B54125400A8E39F /* Main.storyboard in Resources */ = {isa = PBXBuildFile; fileRef = A1666F891B54125400A8E39F /* Main.storyboard */; };
		A1666F8D1B54125400A8E39F /* Images.xcassets in Resources */ = {isa = PBXBuildFile; fileRef = A1666F8C1B54125400A8E39F /* Images.xcassets */; };
		A1666F901B54125400A8E39F /* LaunchScreen.xib in Resources */ = {isa = PBXBuildFile; fileRef = A1666F8E1B54125400A8E39F /* LaunchScreen.xib */; };
		A1666FAA1B54176D00A8E39F /* SimpleAddress.swift in Sources */ = {isa = PBXBuildFile; fileRef = A1666FA91B54176D00A8E39F /* SimpleAddress.swift */; };
		A1666FAC1B54190A00A8E39F /* Feed.swift in Sources */ = {isa = PBXBuildFile; fileRef = A1666FAB1B54190A00A8E39F /* Feed.swift */; };
		A1666FAE1B5419D300A8E39F /* Channel.swift in Sources */ = {isa = PBXBuildFile; fileRef = A1666FAD1B5419D300A8E39F /* Channel.swift */; };
		A1666FB21B541CF400A8E39F /* GlobalHandler.swift in Sources */ = {isa = PBXBuildFile; fileRef = A1666FB11B541CF400A8E39F /* GlobalHandler.swift */; };
		A1666FB41B541D0500A8E39F /* Constants.swift in Sources */ = {isa = PBXBuildFile; fileRef = A1666FB31B541D0500A8E39F /* Constants.swift */; };
		A1666FB61B542E6A00A8E39F /* HttpRequestHandler.swift in Sources */ = {isa = PBXBuildFile; fileRef = A1666FB51B542E6A00A8E39F /* HttpRequestHandler.swift */; };
		A16764021C248128001A94D6 /* EsdrLoginHandler.swift in Sources */ = {isa = PBXBuildFile; fileRef = A16764011C248128001A94D6 /* EsdrLoginHandler.swift */; };
		A16764041C248A5C001A94D6 /* PositionIdHelper.swift in Sources */ = {isa = PBXBuildFile; fileRef = A16764031C248A5C001A94D6 /* PositionIdHelper.swift */; };
		A167F0891C6CED3E0006E1F6 /* WuJsonParser.swift in Sources */ = {isa = PBXBuildFile; fileRef = A167F0881C6CED3E0006E1F6 /* WuJsonParser.swift */; };
		A167F08B1C6D02C80006E1F6 /* AirNowJsonParser.swift in Sources */ = {isa = PBXBuildFile; fileRef = A167F08A1C6D02C80006E1F6 /* AirNowJsonParser.swift */; };
		A167F08D1C6D0A9B0006E1F6 /* AirNowRequestHandler.swift in Sources */ = {isa = PBXBuildFile; fileRef = A167F08C1C6D0A9B0006E1F6 /* AirNowRequestHandler.swift */; };
		A16A14711B5FD9070026E9C8 /* EsdrJsonParser.swift in Sources */ = {isa = PBXBuildFile; fileRef = A16A14701B5FD9070026E9C8 /* EsdrJsonParser.swift */; };
		A16F70871BAB277A00F616F6 /* LoginController.swift in Sources */ = {isa = PBXBuildFile; fileRef = A16F70861BAB277A00F616F6 /* LoginController.swift */; };
		A16F708D1BAB316500F616F6 /* LoginView.xib in Resources */ = {isa = PBXBuildFile; fileRef = A16F708C1BAB316500F616F6 /* LoginView.xib */; };
		A16F708F1BAB370600F616F6 /* LogoutView.xib in Resources */ = {isa = PBXBuildFile; fileRef = A16F708E1BAB370600F616F6 /* LogoutView.xib */; };
		A16F70911BAB3BD500F616F6 /* LoginView.swift in Sources */ = {isa = PBXBuildFile; fileRef = A16F70901BAB3BD500F616F6 /* LoginView.swift */; };
		A16F70931BAB3D8100F616F6 /* LogoutView.swift in Sources */ = {isa = PBXBuildFile; fileRef = A16F70921BAB3D8100F616F6 /* LogoutView.swift */; };
		A17361F71C231EA40012FC62 /* EsdrSpecksHandler.swift in Sources */ = {isa = PBXBuildFile; fileRef = A17361F61C231EA40012FC62 /* EsdrSpecksHandler.swift */; };
		A1740DBC1BC41B5B00617185 /* AboutSpeckController.swift in Sources */ = {isa = PBXBuildFile; fileRef = A1740DBB1BC41B5B00617185 /* AboutSpeckController.swift */; };
		A17527C41BD556A7007526C0 /* ManageTrackersController.swift in Sources */ = {isa = PBXBuildFile; fileRef = A17527C31BD556A7007526C0 /* ManageTrackersController.swift */; };
		A17527C61BD55791007526C0 /* ManageTrackersTableViewCell.swift in Sources */ = {isa = PBXBuildFile; fileRef = A17527C51BD55791007526C0 /* ManageTrackersTableViewCell.swift */; };
		A17A84941C92051B00FDACA7 /* ic_near_me_2x.png in Resources */ = {isa = PBXBuildFile; fileRef = A17A84911C92051B00FDACA7 /* ic_near_me_2x.png */; };
		A17A84951C92051B00FDACA7 /* ic_near_me_3x.png in Resources */ = {isa = PBXBuildFile; fileRef = A17A84921C92051B00FDACA7 /* ic_near_me_3x.png */; };
		A17A84961C92051B00FDACA7 /* ic_near_me.png in Resources */ = {isa = PBXBuildFile; fileRef = A17A84931C92051B00FDACA7 /* ic_near_me.png */; };
		A17A849A1C92052400FDACA7 /* ic_keyboard_arrow_right_2x.png in Resources */ = {isa = PBXBuildFile; fileRef = A17A84971C92052400FDACA7 /* ic_keyboard_arrow_right_2x.png */; };
		A17A849B1C92052400FDACA7 /* ic_keyboard_arrow_right_3x.png in Resources */ = {isa = PBXBuildFile; fileRef = A17A84981C92052400FDACA7 /* ic_keyboard_arrow_right_3x.png */; };
		A17A849C1C92052400FDACA7 /* ic_keyboard_arrow_right.png in Resources */ = {isa = PBXBuildFile; fileRef = A17A84991C92052400FDACA7 /* ic_keyboard_arrow_right.png */; };
		A17DFA7A1C4418D200B2A7B4 /* NowCastCalculator.swift in Sources */ = {isa = PBXBuildFile; fileRef = A17DFA791C4418D200B2A7B4 /* NowCastCalculator.swift */; };
		A17DFA7C1C4438DA00B2A7B4 /* EsdrTilesHandler.swift in Sources */ = {isa = PBXBuildFile; fileRef = A17DFA7B1C4438DA00B2A7B4 /* EsdrTilesHandler.swift */; };
		A182D2361C6BB4A600DBA4F0 /* AirNowReadable.swift in Sources */ = {isa = PBXBuildFile; fileRef = A182D2351C6BB4A600DBA4F0 /* AirNowReadable.swift */; };
		A182D2381C6BBF2300DBA4F0 /* AirNowObservation.swift in Sources */ = {isa = PBXBuildFile; fileRef = A182D2371C6BBF2300DBA4F0 /* AirNowObservation.swift */; };
		A18479D71BDE6990009CB151 /* StoredSpeck.swift in Sources */ = {isa = PBXBuildFile; fileRef = A18479D61BDE6990009CB151 /* StoredSpeck.swift */; };
		A187D3631C7269EC000BB107 /* EsdrAccount.swift in Sources */ = {isa = PBXBuildFile; fileRef = A187D3621C7269EC000BB107 /* EsdrAccount.swift */; };
		A1A4EA061C74E34300C10D3B /* Icon-167.png in Resources */ = {isa = PBXBuildFile; fileRef = A1A4EA051C74E34300C10D3B /* Icon-167.png */; };
		A1D4F8981BE7CD19002D5849 /* SecretMenuTableCell.swift in Sources */ = {isa = PBXBuildFile; fileRef = A1D4F8971BE7CD19002D5849 /* SecretMenuTableCell.swift */; };
		A1E092A71BE2B51400D652CA /* SecretMenuController.swift in Sources */ = {isa = PBXBuildFile; fileRef = A1E092A61BE2B51400D652CA /* SecretMenuController.swift */; };
		A1E2A91D1B99ED47003A3B3A /* SettingsHandler.swift in Sources */ = {isa = PBXBuildFile; fileRef = A1E2A91C1B99ED47003A3B3A /* SettingsHandler.swift */; };
		A1F58E591B97284800D04C91 /* Readable.swift in Sources */ = {isa = PBXBuildFile; fileRef = A1F58E581B97284800D04C91 /* Readable.swift */; };
		A1F58E5B1B972DD700D04C91 /* Speck.swift in Sources */ = {isa = PBXBuildFile; fileRef = A1F58E5A1B972DD700D04C91 /* Speck.swift */; };
		A1F58E5D1B975BE700D04C91 /* EsdrAuthHandler.swift in Sources */ = {isa = PBXBuildFile; fileRef = A1F58E5C1B975BE700D04C91 /* EsdrAuthHandler.swift */; };
		A1FEAB411B8CF19D00F9716B /* StoredAddress.swift in Sources */ = {isa = PBXBuildFile; fileRef = A1FEAB401B8CF19D00F9716B /* StoredAddress.swift */; };
/* End PBXBuildFile section */

/* Begin PBXFileReference section */
		27242E081E01B02C00DB24F3 /* ReadableValue.swift */ = {isa = PBXFileReference; fileEncoding = 4; lastKnownFileType = sourcecode.swift; path = ReadableValue.swift; sourceTree = "<group>"; };
		27242E0A1E01BE1100DB24F3 /* AqiReadableValue.swift */ = {isa = PBXFileReference; fileEncoding = 4; lastKnownFileType = sourcecode.swift; path = AqiReadableValue.swift; sourceTree = "<group>"; };
		27242E0C1E01BEBA00DB24F3 /* Pm25AqiReadableValue.swift */ = {isa = PBXFileReference; fileEncoding = 4; lastKnownFileType = sourcecode.swift; path = Pm25AqiReadableValue.swift; sourceTree = "<group>"; };
		27242E0E1E01DCA800DB24F3 /* HumidityValue.swift */ = {isa = PBXFileReference; fileEncoding = 4; lastKnownFileType = sourcecode.swift; path = HumidityValue.swift; sourceTree = "<group>"; };
		27242E101E01DCFC00DB24F3 /* HumidityChannel.swift */ = {isa = PBXFileReference; fileEncoding = 4; lastKnownFileType = sourcecode.swift; path = HumidityChannel.swift; sourceTree = "<group>"; };
		27242E121E01DD1100DB24F3 /* OzoneChannel.swift */ = {isa = PBXFileReference; fileEncoding = 4; lastKnownFileType = sourcecode.swift; path = OzoneChannel.swift; sourceTree = "<group>"; };
		27242E141E01DD6800DB24F3 /* Pm25Channel.swift */ = {isa = PBXFileReference; fileEncoding = 4; lastKnownFileType = sourcecode.swift; path = Pm25Channel.swift; sourceTree = "<group>"; };
		27242E161E01DD7D00DB24F3 /* TemperatureChannel.swift */ = {isa = PBXFileReference; fileEncoding = 4; lastKnownFileType = sourcecode.swift; path = TemperatureChannel.swift; sourceTree = "<group>"; };
		27242E181E01DFB500DB24F3 /* TemperatureValue.swift */ = {isa = PBXFileReference; fileEncoding = 4; lastKnownFileType = sourcecode.swift; path = TemperatureValue.swift; sourceTree = "<group>"; };
		27242E1A1E01E00400DB24F3 /* Pm25_InstantCast.swift */ = {isa = PBXFileReference; fileEncoding = 4; lastKnownFileType = sourcecode.swift; path = Pm25_InstantCast.swift; sourceTree = "<group>"; };
		27242E1C1E01E92400DB24F3 /* Pm25_NowCast.swift */ = {isa = PBXFileReference; fileEncoding = 4; lastKnownFileType = sourcecode.swift; path = Pm25_NowCast.swift; sourceTree = "<group>"; };
		27242E1E1E01EA4400DB24F3 /* Ozone_InstantCast.swift */ = {isa = PBXFileReference; fileEncoding = 4; lastKnownFileType = sourcecode.swift; path = Ozone_InstantCast.swift; sourceTree = "<group>"; };
		2744C3672003E01900A189AA /* LargeParticleValue.swift */ = {isa = PBXFileReference; lastKnownFileType = sourcecode.swift; path = LargeParticleValue.swift; sourceTree = "<group>"; };
		2744C3692003E02500A189AA /* SmallParticleValue.swift */ = {isa = PBXFileReference; lastKnownFileType = sourcecode.swift; path = SmallParticleValue.swift; sourceTree = "<group>"; };
		274F6ADF1D0B1C4C0012DE95 /* Scalable.swift */ = {isa = PBXFileReference; fileEncoding = 4; lastKnownFileType = sourcecode.swift; path = Scalable.swift; sourceTree = "<group>"; };
		274F6AE11D0B1F550012DE95 /* AQIReading.swift */ = {isa = PBXFileReference; fileEncoding = 4; lastKnownFileType = sourcecode.swift; path = AQIReading.swift; sourceTree = "<group>"; };
		274F6AE31D0B1F640012DE95 /* SpeckReading.swift */ = {isa = PBXFileReference; fileEncoding = 4; lastKnownFileType = sourcecode.swift; path = SpeckReading.swift; sourceTree = "<group>"; };
		274F6AE51D0B1F800012DE95 /* WHOReading.swift */ = {isa = PBXFileReference; fileEncoding = 4; lastKnownFileType = sourcecode.swift; path = WHOReading.swift; sourceTree = "<group>"; };
		275D62101E02E725001292D8 /* Ozone_NowCast.swift */ = {isa = PBXFileReference; fileEncoding = 4; lastKnownFileType = sourcecode.swift; path = Ozone_NowCast.swift; sourceTree = "<group>"; };
		275D62131E03036F001292D8 /* Pm25Readable.swift */ = {isa = PBXFileReference; fileEncoding = 4; lastKnownFileType = sourcecode.swift; path = Pm25Readable.swift; sourceTree = "<group>"; };
		275D62151E0303E9001292D8 /* OzoneReadable.swift */ = {isa = PBXFileReference; fileEncoding = 4; lastKnownFileType = sourcecode.swift; path = OzoneReadable.swift; sourceTree = "<group>"; };
		275D62171E0307C9001292D8 /* HumidityReadable.swift */ = {isa = PBXFileReference; fileEncoding = 4; lastKnownFileType = sourcecode.swift; path = HumidityReadable.swift; sourceTree = "<group>"; };
		275D62191E03083B001292D8 /* TemperatureReadable.swift */ = {isa = PBXFileReference; fileEncoding = 4; lastKnownFileType = sourcecode.swift; path = TemperatureReadable.swift; sourceTree = "<group>"; };
		275D621B1E030C2C001292D8 /* Pm25Feed.swift */ = {isa = PBXFileReference; fileEncoding = 4; lastKnownFileType = sourcecode.swift; path = Pm25Feed.swift; sourceTree = "<group>"; };
		275D621D1E030F89001292D8 /* AirQualityFeed.swift */ = {isa = PBXFileReference; fileEncoding = 4; lastKnownFileType = sourcecode.swift; path = AirQualityFeed.swift; sourceTree = "<group>"; };
		275E69871FE2C955009900EF /* LargeParticleReadable.swift */ = {isa = PBXFileReference; lastKnownFileType = sourcecode.swift; path = LargeParticleReadable.swift; sourceTree = "<group>"; };
		275E69891FE2C9C2009900EF /* LargeParticleChannel.swift */ = {isa = PBXFileReference; lastKnownFileType = sourcecode.swift; path = LargeParticleChannel.swift; sourceTree = "<group>"; };
		275E698B1FE2CF7B009900EF /* SmallParticleChannel.swift */ = {isa = PBXFileReference; lastKnownFileType = sourcecode.swift; path = SmallParticleChannel.swift; sourceTree = "<group>"; };
		275E698D1FE2CFBB009900EF /* SmallParticleReadable.swift */ = {isa = PBXFileReference; lastKnownFileType = sourcecode.swift; path = SmallParticleReadable.swift; sourceTree = "<group>"; };
		275E698F1FE2D105009900EF /* Honeybee.swift */ = {isa = PBXFileReference; lastKnownFileType = sourcecode.swift; path = Honeybee.swift; sourceTree = "<group>"; };
		275E69911FE2E881009900EF /* EsdrHoneybeesHandler.swift */ = {isa = PBXFileReference; lastKnownFileType = sourcecode.swift; path = EsdrHoneybeesHandler.swift; sourceTree = "<group>"; };
		279FB4CB1CEA502800B5C8AA /* DailyTrackerController.swift */ = {isa = PBXFileReference; fileEncoding = 4; lastKnownFileType = sourcecode.swift; path = DailyTrackerController.swift; sourceTree = "<group>"; };
		27A1593B2006ABA400C7B79F /* HoneybeeReading.swift */ = {isa = PBXFileReference; lastKnownFileType = sourcecode.swift; path = HoneybeeReading.swift; sourceTree = "<group>"; };
		27C022591CEB50CC00C34EFD /* daily_tracker_grid.html */ = {isa = PBXFileReference; fileEncoding = 4; lastKnownFileType = text.html; name = daily_tracker_grid.html; path = Assets/webviews/daily_tracker_grid.html; sourceTree = "<group>"; };
		27C0225B1CEB50DC00C34EFD /* jquery-1.12.3.min.js */ = {isa = PBXFileReference; fileEncoding = 4; lastKnownFileType = sourcecode.javascript; name = "jquery-1.12.3.min.js"; path = "Assets/webviews/lib/jquery-1.12.3.min.js"; sourceTree = "<group>"; };
		27C32FB71CB594490063BF23 /* ManualOverrides.swift */ = {isa = PBXFileReference; fileEncoding = 4; lastKnownFileType = sourcecode.swift; path = ManualOverrides.swift; sourceTree = "<group>"; };
		27D9F7021CE21B490066E1B5 /* DailyFeedTracker.swift */ = {isa = PBXFileReference; fileEncoding = 4; lastKnownFileType = sourcecode.swift; path = DailyFeedTracker.swift; sourceTree = "<group>"; };
		27D9F7041CE21B550066E1B5 /* DayFeedValue.swift */ = {isa = PBXFileReference; fileEncoding = 4; lastKnownFileType = sourcecode.swift; path = DayFeedValue.swift; sourceTree = "<group>"; };
		A103E6071BE12A5E0065378D /* SettingsController.swift */ = {isa = PBXFileReference; fileEncoding = 4; lastKnownFileType = sourcecode.swift; path = SettingsController.swift; sourceTree = "<group>"; };
		A11844AE1BA9E7A600435D11 /* ServicesHandler.swift */ = {isa = PBXFileReference; fileEncoding = 4; lastKnownFileType = sourcecode.swift; path = ServicesHandler.swift; sourceTree = "<group>"; };
		A11844B01BA9FECC00435D11 /* CLLocationService.swift */ = {isa = PBXFileReference; fileEncoding = 4; lastKnownFileType = sourcecode.swift; path = CLLocationService.swift; sourceTree = "<group>"; };
		A11844B21BAA0A9D00435D11 /* CoreLocation.framework */ = {isa = PBXFileReference; lastKnownFileType = wrapper.framework; name = CoreLocation.framework; path = System/Library/Frameworks/CoreLocation.framework; sourceTree = SDKROOT; };
		A1435D9A1BEAF5DF00231835 /* AirPrototype 3.xcdatamodel */ = {isa = PBXFileReference; lastKnownFileType = wrapper.xcdatamodel; path = "AirPrototype 3.xcdatamodel"; sourceTree = "<group>"; };
		A14C456A1BA0B2B000D6C9CF /* ReadableIndexController.swift */ = {isa = PBXFileReference; fileEncoding = 4; lastKnownFileType = sourcecode.swift; path = ReadableIndexController.swift; sourceTree = "<group>"; };
		A14C456C1BA0B45D00D6C9CF /* ReadableIndexHeader.swift */ = {isa = PBXFileReference; fileEncoding = 4; lastKnownFileType = sourcecode.swift; path = ReadableIndexHeader.swift; sourceTree = "<group>"; };
		A14C456E1BA0B46700D6C9CF /* ReadableIndexCell.swift */ = {isa = PBXFileReference; fileEncoding = 4; lastKnownFileType = sourcecode.swift; path = ReadableIndexCell.swift; sourceTree = "<group>"; };
		A14CA69D1C87309700E61894 /* AirNowDetailsTableCell.swift */ = {isa = PBXFileReference; fileEncoding = 4; lastKnownFileType = sourcecode.swift; path = AirNowDetailsTableCell.swift; sourceTree = "<group>"; };
		A14E5C731C7CDA2800D08A34 /* HttpHelper.swift */ = {isa = PBXFileReference; fileEncoding = 4; lastKnownFileType = sourcecode.swift; path = HttpHelper.swift; sourceTree = "<group>"; };
		A15132331BB57CCD0036577D /* Icon-58.png */ = {isa = PBXFileReference; lastKnownFileType = image.png; name = "Icon-58.png"; path = "Assets/Icon-58.png"; sourceTree = "<group>"; };
		A15132341BB57CCD0036577D /* Icon-87.png */ = {isa = PBXFileReference; lastKnownFileType = image.png; name = "Icon-87.png"; path = "Assets/Icon-87.png"; sourceTree = "<group>"; };
		A15132381BB57CDF0036577D /* Icon-120.png */ = {isa = PBXFileReference; lastKnownFileType = image.png; name = "Icon-120.png"; path = "Assets/Icon-120.png"; sourceTree = "<group>"; };
		A151323B1BB57CEE0036577D /* Icon-180.png */ = {isa = PBXFileReference; lastKnownFileType = image.png; name = "Icon-180.png"; path = "Assets/Icon-180.png"; sourceTree = "<group>"; };
		A151323D1BB57CFC0036577D /* Icon-29.png */ = {isa = PBXFileReference; lastKnownFileType = image.png; name = "Icon-29.png"; path = "Assets/Icon-29.png"; sourceTree = "<group>"; };
		A151323F1BB57D0C0036577D /* Icon-40.png */ = {isa = PBXFileReference; lastKnownFileType = image.png; name = "Icon-40.png"; path = "Assets/Icon-40.png"; sourceTree = "<group>"; };
		A15132411BB57D1D0036577D /* Icon-76.png */ = {isa = PBXFileReference; lastKnownFileType = image.png; name = "Icon-76.png"; path = "Assets/Icon-76.png"; sourceTree = "<group>"; };
		A15132421BB57D1D0036577D /* Icon-152.png */ = {isa = PBXFileReference; lastKnownFileType = image.png; name = "Icon-152.png"; path = "Assets/Icon-152.png"; sourceTree = "<group>"; };
		A15132451BB57D7B0036577D /* Icon-80.png */ = {isa = PBXFileReference; lastKnownFileType = image.png; name = "Icon-80.png"; path = "Assets/Icon-80.png"; sourceTree = "<group>"; };
		A1551C621C29BB5F005ED28B /* ReadingsHandler.swift */ = {isa = PBXFileReference; fileEncoding = 4; lastKnownFileType = sourcecode.swift; path = ReadingsHandler.swift; sourceTree = "<group>"; };
		A1551C651C29CCFB005ED28B /* ReadingsHandlerCore.swift */ = {isa = PBXFileReference; fileEncoding = 4; lastKnownFileType = sourcecode.swift; path = ReadingsHandlerCore.swift; sourceTree = "<group>"; };
		A1551C691C29CD72005ED28B /* ReadingsHandlerEditable.swift */ = {isa = PBXFileReference; fileEncoding = 4; lastKnownFileType = sourcecode.swift; path = ReadingsHandlerEditable.swift; sourceTree = "<group>"; };
		A1551C6F1C29D35B005ED28B /* GpsReadingHandler.swift */ = {isa = PBXFileReference; fileEncoding = 4; lastKnownFileType = sourcecode.swift; path = GpsReadingHandler.swift; sourceTree = "<group>"; };
		A156757A1B57D537006982A1 /* ResultsTableViewCellAddressSearch.xib */ = {isa = PBXFileReference; fileEncoding = 4; lastKnownFileType = file.xib; path = ResultsTableViewCellAddressSearch.xib; sourceTree = "<group>"; };
		A156757C1B57D549006982A1 /* ResultsTableViewCellAddressSearch.swift */ = {isa = PBXFileReference; fileEncoding = 4; lastKnownFileType = sourcecode.swift; path = ResultsTableViewCellAddressSearch.swift; sourceTree = "<group>"; };
		A15675801B583AAA006982A1 /* AqiConverter.swift */ = {isa = PBXFileReference; fileEncoding = 4; lastKnownFileType = sourcecode.swift; path = AqiConverter.swift; sourceTree = "<group>"; };
		A15675821B5844C9006982A1 /* MapGeometry.swift */ = {isa = PBXFileReference; fileEncoding = 4; lastKnownFileType = sourcecode.swift; path = MapGeometry.swift; sourceTree = "<group>"; };
		A1567DD51BE3F39F00578095 /* logo_specksensor-black.png */ = {isa = PBXFileReference; lastKnownFileType = image.png; name = "logo_specksensor-black.png"; path = "Assets/logo_specksensor-black.png"; sourceTree = "<group>"; };
		A158B4CF1C21FD48006CC0E5 /* AddressDbHelper.swift */ = {isa = PBXFileReference; fileEncoding = 4; lastKnownFileType = sourcecode.swift; path = AddressDbHelper.swift; sourceTree = "<group>"; };
		A158B4D11C21FF27006CC0E5 /* SpeckDbHelper.swift */ = {isa = PBXFileReference; fileEncoding = 4; lastKnownFileType = sourcecode.swift; path = SpeckDbHelper.swift; sourceTree = "<group>"; };
		A158E1351BCFE6370026944E /* Timer.swift */ = {isa = PBXFileReference; fileEncoding = 4; lastKnownFileType = sourcecode.swift; path = Timer.swift; sourceTree = "<group>"; };
		A158E1371BCFE9B20026944E /* RefreshTimer.swift */ = {isa = PBXFileReference; fileEncoding = 4; lastKnownFileType = sourcecode.swift; path = RefreshTimer.swift; sourceTree = "<group>"; };
		A158E1391BCFF9440026944E /* AutocompleteTimer.swift */ = {isa = PBXFileReference; fileEncoding = 4; lastKnownFileType = sourcecode.swift; path = AutocompleteTimer.swift; sourceTree = "<group>"; };
		A158F6101B8E000F00FCE2E1 /* DatabaseHelper.swift */ = {isa = PBXFileReference; fileEncoding = 4; lastKnownFileType = sourcecode.swift; path = DatabaseHelper.swift; sourceTree = "<group>"; };
		A158F6121B8E305A00FCE2E1 /* EsdrFeedsHandler.swift */ = {isa = PBXFileReference; fileEncoding = 4; lastKnownFileType = sourcecode.swift; path = EsdrFeedsHandler.swift; sourceTree = "<group>"; };
		A158F6151B8E504500FCE2E1 /* Location.swift */ = {isa = PBXFileReference; fileEncoding = 4; lastKnownFileType = sourcecode.swift; path = Location.swift; sourceTree = "<group>"; };
		A15C185F1BA757330070D52D /* twitterlogo_small_white.png */ = {isa = PBXFileReference; lastKnownFileType = image.png; name = twitterlogo_small_white.png; path = Assets/twitterlogo_small_white.png; sourceTree = "<group>"; };
		A15C18611BA757F30070D52D /* Dosis-Light.ttf */ = {isa = PBXFileReference; lastKnownFileType = file; name = "Dosis-Light.ttf"; path = "Assets/Dosis-Light.ttf"; sourceTree = "<group>"; };
		A15CDB3D1C861673002D5C0F /* AqiExplanationDetailsController.swift */ = {isa = PBXFileReference; fileEncoding = 4; lastKnownFileType = sourcecode.swift; path = AqiExplanationDetailsController.swift; sourceTree = "<group>"; };
		A15CDB3F1C861688002D5C0F /* AirNowDetailsController.swift */ = {isa = PBXFileReference; fileEncoding = 4; lastKnownFileType = sourcecode.swift; path = AirNowDetailsController.swift; sourceTree = "<group>"; };
		A160A0EA1BD6826B0059833F /* ic_mode_edit_2x.png */ = {isa = PBXFileReference; lastKnownFileType = image.png; name = ic_mode_edit_2x.png; path = Assets/ic_mode_edit_2x.png; sourceTree = "<group>"; };
		A160A0EB1BD6826B0059833F /* ic_mode_edit_3x.png */ = {isa = PBXFileReference; lastKnownFileType = image.png; name = ic_mode_edit_3x.png; path = Assets/ic_mode_edit_3x.png; sourceTree = "<group>"; };
		A160A0EC1BD6826B0059833F /* ic_mode_edit.png */ = {isa = PBXFileReference; lastKnownFileType = image.png; name = ic_mode_edit.png; path = Assets/ic_mode_edit.png; sourceTree = "<group>"; };
		A16133721BD7FE5A006F20BC /* AirPrototype 2.xcdatamodel */ = {isa = PBXFileReference; lastKnownFileType = wrapper.xcdatamodel; path = "AirPrototype 2.xcdatamodel"; sourceTree = "<group>"; };
		A1626DF81B555A79006D990C /* AddressSearchController.swift */ = {isa = PBXFileReference; fileEncoding = 4; lastKnownFileType = sourcecode.swift; path = AddressSearchController.swift; sourceTree = "<group>"; };
		A16481FA1B5D553F0023DE09 /* AddressShowController.swift */ = {isa = PBXFileReference; fileEncoding = 4; lastKnownFileType = sourcecode.swift; path = AddressShowController.swift; sourceTree = "<group>"; };
		A1660FF61B568B6700608C5D /* ResultsControllerAddressSearch.swift */ = {isa = PBXFileReference; fileEncoding = 4; lastKnownFileType = sourcecode.swift; path = ResultsControllerAddressSearch.swift; sourceTree = "<group>"; };
		A1666F7D1B54125400A8E39F /* SpeckSensor.app */ = {isa = PBXFileReference; explicitFileType = wrapper.application; includeInIndex = 0; path = SpeckSensor.app; sourceTree = BUILT_PRODUCTS_DIR; };
		A1666F811B54125400A8E39F /* Info.plist */ = {isa = PBXFileReference; lastKnownFileType = text.plist.xml; path = Info.plist; sourceTree = "<group>"; };
		A1666F821B54125400A8E39F /* AppDelegate.swift */ = {isa = PBXFileReference; lastKnownFileType = sourcecode.swift; path = AppDelegate.swift; sourceTree = "<group>"; };
		A1666F851B54125400A8E39F /* AirPrototype.xcdatamodel */ = {isa = PBXFileReference; lastKnownFileType = wrapper.xcdatamodel; path = AirPrototype.xcdatamodel; sourceTree = "<group>"; };
		A1666F8A1B54125400A8E39F /* Base */ = {isa = PBXFileReference; lastKnownFileType = file.storyboard; name = Base; path = Base.lproj/Main.storyboard; sourceTree = "<group>"; };
		A1666F8C1B54125400A8E39F /* Images.xcassets */ = {isa = PBXFileReference; lastKnownFileType = folder.assetcatalog; path = Images.xcassets; sourceTree = "<group>"; };
		A1666F8F1B54125400A8E39F /* Base */ = {isa = PBXFileReference; lastKnownFileType = file.xib; name = Base; path = Base.lproj/LaunchScreen.xib; sourceTree = "<group>"; };
		A1666F9A1B54125400A8E39F /* Info.plist */ = {isa = PBXFileReference; lastKnownFileType = text.plist.xml; path = Info.plist; sourceTree = "<group>"; };
		A1666F9B1B54125400A8E39F /* AirPrototypeTests.swift */ = {isa = PBXFileReference; lastKnownFileType = sourcecode.swift; path = AirPrototypeTests.swift; sourceTree = "<group>"; };
		A1666FA91B54176D00A8E39F /* SimpleAddress.swift */ = {isa = PBXFileReference; fileEncoding = 4; lastKnownFileType = sourcecode.swift; path = SimpleAddress.swift; sourceTree = "<group>"; };
		A1666FAB1B54190A00A8E39F /* Feed.swift */ = {isa = PBXFileReference; fileEncoding = 4; lastKnownFileType = sourcecode.swift; path = Feed.swift; sourceTree = "<group>"; };
		A1666FAD1B5419D300A8E39F /* Channel.swift */ = {isa = PBXFileReference; fileEncoding = 4; lastKnownFileType = sourcecode.swift; path = Channel.swift; sourceTree = "<group>"; };
		A1666FB11B541CF400A8E39F /* GlobalHandler.swift */ = {isa = PBXFileReference; fileEncoding = 4; lastKnownFileType = sourcecode.swift; path = GlobalHandler.swift; sourceTree = "<group>"; };
		A1666FB31B541D0500A8E39F /* Constants.swift */ = {isa = PBXFileReference; fileEncoding = 4; lastKnownFileType = sourcecode.swift; path = Constants.swift; sourceTree = "<group>"; };
		A1666FB51B542E6A00A8E39F /* HttpRequestHandler.swift */ = {isa = PBXFileReference; fileEncoding = 4; lastKnownFileType = sourcecode.swift; path = HttpRequestHandler.swift; sourceTree = "<group>"; };
		A16764011C248128001A94D6 /* EsdrLoginHandler.swift */ = {isa = PBXFileReference; fileEncoding = 4; lastKnownFileType = sourcecode.swift; path = EsdrLoginHandler.swift; sourceTree = "<group>"; };
		A16764031C248A5C001A94D6 /* PositionIdHelper.swift */ = {isa = PBXFileReference; fileEncoding = 4; lastKnownFileType = sourcecode.swift; path = PositionIdHelper.swift; sourceTree = "<group>"; };
		A167F0881C6CED3E0006E1F6 /* WuJsonParser.swift */ = {isa = PBXFileReference; fileEncoding = 4; lastKnownFileType = sourcecode.swift; path = WuJsonParser.swift; sourceTree = "<group>"; };
		A167F08A1C6D02C80006E1F6 /* AirNowJsonParser.swift */ = {isa = PBXFileReference; fileEncoding = 4; lastKnownFileType = sourcecode.swift; path = AirNowJsonParser.swift; sourceTree = "<group>"; };
		A167F08C1C6D0A9B0006E1F6 /* AirNowRequestHandler.swift */ = {isa = PBXFileReference; fileEncoding = 4; lastKnownFileType = sourcecode.swift; path = AirNowRequestHandler.swift; sourceTree = "<group>"; };
		A16A14701B5FD9070026E9C8 /* EsdrJsonParser.swift */ = {isa = PBXFileReference; fileEncoding = 4; lastKnownFileType = sourcecode.swift; path = EsdrJsonParser.swift; sourceTree = "<group>"; };
		A16F70861BAB277A00F616F6 /* LoginController.swift */ = {isa = PBXFileReference; fileEncoding = 4; lastKnownFileType = sourcecode.swift; path = LoginController.swift; sourceTree = "<group>"; };
		A16F708C1BAB316500F616F6 /* LoginView.xib */ = {isa = PBXFileReference; fileEncoding = 4; lastKnownFileType = file.xib; path = LoginView.xib; sourceTree = "<group>"; };
		A16F708E1BAB370600F616F6 /* LogoutView.xib */ = {isa = PBXFileReference; fileEncoding = 4; lastKnownFileType = file.xib; path = LogoutView.xib; sourceTree = "<group>"; };
		A16F70901BAB3BD500F616F6 /* LoginView.swift */ = {isa = PBXFileReference; fileEncoding = 4; lastKnownFileType = sourcecode.swift; path = LoginView.swift; sourceTree = "<group>"; };
		A16F70921BAB3D8100F616F6 /* LogoutView.swift */ = {isa = PBXFileReference; fileEncoding = 4; lastKnownFileType = sourcecode.swift; path = LogoutView.swift; sourceTree = "<group>"; };
		A17361F61C231EA40012FC62 /* EsdrSpecksHandler.swift */ = {isa = PBXFileReference; fileEncoding = 4; lastKnownFileType = sourcecode.swift; path = EsdrSpecksHandler.swift; sourceTree = "<group>"; };
		A1740DBB1BC41B5B00617185 /* AboutSpeckController.swift */ = {isa = PBXFileReference; fileEncoding = 4; lastKnownFileType = sourcecode.swift; path = AboutSpeckController.swift; sourceTree = "<group>"; };
		A17527C31BD556A7007526C0 /* ManageTrackersController.swift */ = {isa = PBXFileReference; fileEncoding = 4; lastKnownFileType = sourcecode.swift; path = ManageTrackersController.swift; sourceTree = "<group>"; };
		A17527C51BD55791007526C0 /* ManageTrackersTableViewCell.swift */ = {isa = PBXFileReference; fileEncoding = 4; lastKnownFileType = sourcecode.swift; path = ManageTrackersTableViewCell.swift; sourceTree = "<group>"; };
		A17A84911C92051B00FDACA7 /* ic_near_me_2x.png */ = {isa = PBXFileReference; lastKnownFileType = image.png; name = ic_near_me_2x.png; path = Assets/ic_near_me.imageset/ic_near_me_2x.png; sourceTree = "<group>"; };
		A17A84921C92051B00FDACA7 /* ic_near_me_3x.png */ = {isa = PBXFileReference; lastKnownFileType = image.png; name = ic_near_me_3x.png; path = Assets/ic_near_me.imageset/ic_near_me_3x.png; sourceTree = "<group>"; };
		A17A84931C92051B00FDACA7 /* ic_near_me.png */ = {isa = PBXFileReference; lastKnownFileType = image.png; name = ic_near_me.png; path = Assets/ic_near_me.imageset/ic_near_me.png; sourceTree = "<group>"; };
		A17A84971C92052400FDACA7 /* ic_keyboard_arrow_right_2x.png */ = {isa = PBXFileReference; lastKnownFileType = image.png; name = ic_keyboard_arrow_right_2x.png; path = Assets/ic_keyboard_arrow_right.imageset/ic_keyboard_arrow_right_2x.png; sourceTree = "<group>"; };
		A17A84981C92052400FDACA7 /* ic_keyboard_arrow_right_3x.png */ = {isa = PBXFileReference; lastKnownFileType = image.png; name = ic_keyboard_arrow_right_3x.png; path = Assets/ic_keyboard_arrow_right.imageset/ic_keyboard_arrow_right_3x.png; sourceTree = "<group>"; };
		A17A84991C92052400FDACA7 /* ic_keyboard_arrow_right.png */ = {isa = PBXFileReference; lastKnownFileType = image.png; name = ic_keyboard_arrow_right.png; path = Assets/ic_keyboard_arrow_right.imageset/ic_keyboard_arrow_right.png; sourceTree = "<group>"; };
		A17DFA791C4418D200B2A7B4 /* NowCastCalculator.swift */ = {isa = PBXFileReference; fileEncoding = 4; lastKnownFileType = sourcecode.swift; path = NowCastCalculator.swift; sourceTree = "<group>"; };
		A17DFA7B1C4438DA00B2A7B4 /* EsdrTilesHandler.swift */ = {isa = PBXFileReference; fileEncoding = 4; lastKnownFileType = sourcecode.swift; path = EsdrTilesHandler.swift; sourceTree = "<group>"; };
		A182D2351C6BB4A600DBA4F0 /* AirNowReadable.swift */ = {isa = PBXFileReference; fileEncoding = 4; lastKnownFileType = sourcecode.swift; path = AirNowReadable.swift; sourceTree = "<group>"; };
		A182D2371C6BBF2300DBA4F0 /* AirNowObservation.swift */ = {isa = PBXFileReference; fileEncoding = 4; lastKnownFileType = sourcecode.swift; path = AirNowObservation.swift; sourceTree = "<group>"; };
		A18479D61BDE6990009CB151 /* StoredSpeck.swift */ = {isa = PBXFileReference; fileEncoding = 4; lastKnownFileType = sourcecode.swift; path = StoredSpeck.swift; sourceTree = "<group>"; };
		A187D3621C7269EC000BB107 /* EsdrAccount.swift */ = {isa = PBXFileReference; fileEncoding = 4; lastKnownFileType = sourcecode.swift; path = EsdrAccount.swift; sourceTree = "<group>"; };
		A1A4EA051C74E34300C10D3B /* Icon-167.png */ = {isa = PBXFileReference; lastKnownFileType = image.png; name = "Icon-167.png"; path = "Assets/Icon-167.png"; sourceTree = "<group>"; };
		A1D4F8971BE7CD19002D5849 /* SecretMenuTableCell.swift */ = {isa = PBXFileReference; fileEncoding = 4; lastKnownFileType = sourcecode.swift; path = SecretMenuTableCell.swift; sourceTree = "<group>"; };
		A1E092A61BE2B51400D652CA /* SecretMenuController.swift */ = {isa = PBXFileReference; fileEncoding = 4; lastKnownFileType = sourcecode.swift; path = SecretMenuController.swift; sourceTree = "<group>"; };
		A1E2A91C1B99ED47003A3B3A /* SettingsHandler.swift */ = {isa = PBXFileReference; fileEncoding = 4; lastKnownFileType = sourcecode.swift; path = SettingsHandler.swift; sourceTree = "<group>"; };
		A1F58E581B97284800D04C91 /* Readable.swift */ = {isa = PBXFileReference; fileEncoding = 4; lastKnownFileType = sourcecode.swift; path = Readable.swift; sourceTree = "<group>"; };
		A1F58E5A1B972DD700D04C91 /* Speck.swift */ = {isa = PBXFileReference; fileEncoding = 4; lastKnownFileType = sourcecode.swift; path = Speck.swift; sourceTree = "<group>"; };
		A1F58E5C1B975BE700D04C91 /* EsdrAuthHandler.swift */ = {isa = PBXFileReference; fileEncoding = 4; lastKnownFileType = sourcecode.swift; path = EsdrAuthHandler.swift; sourceTree = "<group>"; };
		A1FEAB401B8CF19D00F9716B /* StoredAddress.swift */ = {isa = PBXFileReference; fileEncoding = 4; lastKnownFileType = sourcecode.swift; name = StoredAddress.swift; path = ../StoredAddress.swift; sourceTree = "<group>"; };
/* End PBXFileReference section */

/* Begin PBXFrameworksBuildPhase section */
		A1666F7A1B54125400A8E39F /* Frameworks */ = {
			isa = PBXFrameworksBuildPhase;
			buildActionMask = 2147483647;
			files = (
				A11844B31BAA0A9D00435D11 /* CoreLocation.framework in Frameworks */,
			);
			runOnlyForDeploymentPostprocessing = 0;
		};
/* End PBXFrameworksBuildPhase section */

/* Begin PBXGroup section */
		27242E061E01AFB100DB24F3 /* channels */ = {
			isa = PBXGroup;
			children = (
				A17DFA791C4418D200B2A7B4 /* NowCastCalculator.swift */,
				A1666FAD1B5419D300A8E39F /* Channel.swift */,
				27242E101E01DCFC00DB24F3 /* HumidityChannel.swift */,
				27242E121E01DD1100DB24F3 /* OzoneChannel.swift */,
				27242E141E01DD6800DB24F3 /* Pm25Channel.swift */,
				27242E161E01DD7D00DB24F3 /* TemperatureChannel.swift */,
				275E69891FE2C9C2009900EF /* LargeParticleChannel.swift */,
				275E698B1FE2CF7B009900EF /* SmallParticleChannel.swift */,
			);
			name = channels;
			sourceTree = "<group>";
		};
		27242E071E01AFC500DB24F3 /* readable_values */ = {
			isa = PBXGroup;
			children = (
				27242E081E01B02C00DB24F3 /* ReadableValue.swift */,
				27242E0A1E01BE1100DB24F3 /* AqiReadableValue.swift */,
				27242E1E1E01EA4400DB24F3 /* Ozone_InstantCast.swift */,
				275D62101E02E725001292D8 /* Ozone_NowCast.swift */,
				27242E0C1E01BEBA00DB24F3 /* Pm25AqiReadableValue.swift */,
				27242E1A1E01E00400DB24F3 /* Pm25_InstantCast.swift */,
				27242E1C1E01E92400DB24F3 /* Pm25_NowCast.swift */,
				27242E0E1E01DCA800DB24F3 /* HumidityValue.swift */,
				27242E181E01DFB500DB24F3 /* TemperatureValue.swift */,
				2744C3672003E01900A189AA /* LargeParticleValue.swift */,
				2744C3692003E02500A189AA /* SmallParticleValue.swift */,
			);
			name = readable_values;
			sourceTree = "<group>";
		};
		274F6ADE1D0B1C350012DE95 /* aqi_scales */ = {
			isa = PBXGroup;
			children = (
				274F6ADF1D0B1C4C0012DE95 /* Scalable.swift */,
				274F6AE11D0B1F550012DE95 /* AQIReading.swift */,
				274F6AE31D0B1F640012DE95 /* SpeckReading.swift */,
				274F6AE51D0B1F800012DE95 /* WHOReading.swift */,
				27A1593B2006ABA400C7B79F /* HoneybeeReading.swift */,
			);
			name = aqi_scales;
			sourceTree = "<group>";
		};
		275D62121E02FF33001292D8 /* interfaces */ = {
			isa = PBXGroup;
			children = (
				275D62171E0307C9001292D8 /* HumidityReadable.swift */,
				A1F58E581B97284800D04C91 /* Readable.swift */,
				275D62131E03036F001292D8 /* Pm25Readable.swift */,
				275D62151E0303E9001292D8 /* OzoneReadable.swift */,
				275D62191E03083B001292D8 /* TemperatureReadable.swift */,
				275E69871FE2C955009900EF /* LargeParticleReadable.swift */,
				275E698D1FE2CFBB009900EF /* SmallParticleReadable.swift */,
			);
			name = interfaces;
			sourceTree = "<group>";
		};
		279FB4CA1CEA500200B5C8AA /* daily_tracker */ = {
			isa = PBXGroup;
			children = (
				279FB4CB1CEA502800B5C8AA /* DailyTrackerController.swift */,
			);
			name = daily_tracker;
			sourceTree = "<group>";
		};
		27C022531CEB502D00C34EFD /* webviews */ = {
			isa = PBXGroup;
			children = (
				27C022591CEB50CC00C34EFD /* daily_tracker_grid.html */,
				27C022581CEB505A00C34EFD /* lib */,
			);
			name = webviews;
			sourceTree = "<group>";
		};
		27C022581CEB505A00C34EFD /* lib */ = {
			isa = PBXGroup;
			children = (
				27C0225B1CEB50DC00C34EFD /* jquery-1.12.3.min.js */,
			);
			name = lib;
			sourceTree = "<group>";
		};
		A11844AD1BA9E6CE00435D11 /* services */ = {
			isa = PBXGroup;
			children = (
				A11844B01BA9FECC00435D11 /* CLLocationService.swift */,
			);
			name = services;
			sourceTree = "<group>";
		};
		A14C45691BA0B28D00D6C9CF /* readable_index */ = {
			isa = PBXGroup;
			children = (
				A14C456A1BA0B2B000D6C9CF /* ReadableIndexController.swift */,
				A14C456C1BA0B45D00D6C9CF /* ReadableIndexHeader.swift */,
				A14C456E1BA0B46700D6C9CF /* ReadableIndexCell.swift */,
			);
			name = readable_index;
			sourceTree = "<group>";
		};
		A15429B41CA1D22A0023AC0C /* options_menu */ = {
			isa = PBXGroup;
			children = (
				A103E6071BE12A5E0065378D /* SettingsController.swift */,
				A1551C5B1C299F63005ED28B /* about_speck */,
				A16F70851BAB272E00F616F6 /* login */,
				A160A0F01BD68EDB0059833F /* manage_trackers */,
			);
			name = options_menu;
			sourceTree = "<group>";
		};
		A15429B51CA1D5470023AC0C /* air_now */ = {
			isa = PBXGroup;
			children = (
				A15CDB3F1C861688002D5C0F /* AirNowDetailsController.swift */,
				A14CA69D1C87309700E61894 /* AirNowDetailsTableCell.swift */,
			);
			name = air_now;
			sourceTree = "<group>";
		};
		A15429B61CA1D5510023AC0C /* aqi_explanation */ = {
			isa = PBXGroup;
			children = (
				A15CDB3D1C861673002D5C0F /* AqiExplanationDetailsController.swift */,
			);
			name = aqi_explanation;
			sourceTree = "<group>";
		};
		A1551C5B1C299F63005ED28B /* about_speck */ = {
			isa = PBXGroup;
			children = (
				A1740DBB1BC41B5B00617185 /* AboutSpeckController.swift */,
			);
			name = about_speck;
			sourceTree = "<group>";
		};
		A158F60F1B8DFF6A00FCE2E1 /* database */ = {
			isa = PBXGroup;
			children = (
				A1666F841B54125400A8E39F /* AirPrototype.xcdatamodeld */,
				A1FEAB401B8CF19D00F9716B /* StoredAddress.swift */,
				A18479D61BDE6990009CB151 /* StoredSpeck.swift */,
				A158F6101B8E000F00FCE2E1 /* DatabaseHelper.swift */,
				A158B4CF1C21FD48006CC0E5 /* AddressDbHelper.swift */,
				A158B4D11C21FF27006CC0E5 /* SpeckDbHelper.swift */,
			);
			name = database;
			sourceTree = "<group>";
		};
		A158F6141B8E502300FCE2E1 /* structs */ = {
			isa = PBXGroup;
			children = (
				A158F6151B8E504500FCE2E1 /* Location.swift */,
			);
			name = structs;
			sourceTree = "<group>";
		};
		A15CDB331C85D844002D5C0F /* readables */ = {
			isa = PBXGroup;
			children = (
				275D62121E02FF33001292D8 /* interfaces */,
				A182D2351C6BB4A600DBA4F0 /* AirNowReadable.swift */,
				A1666FAB1B54190A00A8E39F /* Feed.swift */,
				275D621B1E030C2C001292D8 /* Pm25Feed.swift */,
				275D621D1E030F89001292D8 /* AirQualityFeed.swift */,
				A1666FA91B54176D00A8E39F /* SimpleAddress.swift */,
				A1F58E5A1B972DD700D04C91 /* Speck.swift */,
				275E698F1FE2D105009900EF /* Honeybee.swift */,
			);
			name = readables;
			sourceTree = "<group>";
		};
		A15CDB341C85D849002D5C0F /* timers */ = {
			isa = PBXGroup;
			children = (
				A158E1391BCFF9440026944E /* AutocompleteTimer.swift */,
				A158E1371BCFE9B20026944E /* RefreshTimer.swift */,
				A158E1351BCFE6370026944E /* Timer.swift */,
			);
			name = timers;
			sourceTree = "<group>";
		};
		A15CDB351C85D8A2002D5C0F /* application */ = {
			isa = PBXGroup;
			children = (
				A15CDB3C1C85E08E002D5C0F /* readings_handler */,
				A16764011C248128001A94D6 /* EsdrLoginHandler.swift */,
				A1666FB11B541CF400A8E39F /* GlobalHandler.swift */,
				A16764031C248A5C001A94D6 /* PositionIdHelper.swift */,
				A1E2A91C1B99ED47003A3B3A /* SettingsHandler.swift */,
			);
			name = application;
			sourceTree = "<group>";
		};
		A15CDB361C85D8A8002D5C0F /* system */ = {
			isa = PBXGroup;
			children = (
				A158F60F1B8DFF6A00FCE2E1 /* database */,
				A15CDB391C85E01C002D5C0F /* services */,
				A1666F821B54125400A8E39F /* AppDelegate.swift */,
				A11844AE1BA9E7A600435D11 /* ServicesHandler.swift */,
			);
			name = system;
			sourceTree = "<group>";
		};
		A15CDB371C85D8AD002D5C0F /* http */ = {
			isa = PBXGroup;
			children = (
				A15CDB381C85DFCB002D5C0F /* esdr */,
				A167F08C1C6D0A9B0006E1F6 /* AirNowRequestHandler.swift */,
				A1666FB51B542E6A00A8E39F /* HttpRequestHandler.swift */,
			);
			name = http;
			sourceTree = "<group>";
		};
		A15CDB381C85DFCB002D5C0F /* esdr */ = {
			isa = PBXGroup;
			children = (
				A1F58E5C1B975BE700D04C91 /* EsdrAuthHandler.swift */,
				A158F6121B8E305A00FCE2E1 /* EsdrFeedsHandler.swift */,
				A17361F61C231EA40012FC62 /* EsdrSpecksHandler.swift */,
				A17DFA7B1C4438DA00B2A7B4 /* EsdrTilesHandler.swift */,
				275E69911FE2E881009900EF /* EsdrHoneybeesHandler.swift */,
			);
			name = esdr;
			sourceTree = "<group>";
		};
		A15CDB391C85E01C002D5C0F /* services */ = {
			isa = PBXGroup;
			children = (
				A15CDB3A1C85E020002D5C0F /* gps */,
			);
			name = services;
			sourceTree = "<group>";
		};
		A15CDB3A1C85E020002D5C0F /* gps */ = {
			isa = PBXGroup;
			children = (
				A1551C6F1C29D35B005ED28B /* GpsReadingHandler.swift */,
			);
			name = gps;
			sourceTree = "<group>";
		};
		A15CDB3B1C85E033002D5C0F /* parsers */ = {
			isa = PBXGroup;
			children = (
				A167F08A1C6D02C80006E1F6 /* AirNowJsonParser.swift */,
				A16A14701B5FD9070026E9C8 /* EsdrJsonParser.swift */,
				A167F0881C6CED3E0006E1F6 /* WuJsonParser.swift */,
			);
			name = parsers;
			sourceTree = "<group>";
		};
		A15CDB3C1C85E08E002D5C0F /* readings_handler */ = {
			isa = PBXGroup;
			children = (
				A1551C621C29BB5F005ED28B /* ReadingsHandler.swift */,
				A1551C651C29CCFB005ED28B /* ReadingsHandlerCore.swift */,
				A1551C691C29CD72005ED28B /* ReadingsHandlerEditable.swift */,
			);
			name = readings_handler;
			sourceTree = "<group>";
		};
		A160A0F01BD68EDB0059833F /* manage_trackers */ = {
			isa = PBXGroup;
			children = (
				A17527C51BD55791007526C0 /* ManageTrackersTableViewCell.swift */,
				A17527C31BD556A7007526C0 /* ManageTrackersController.swift */,
			);
			name = manage_trackers;
			sourceTree = "<group>";
		};
		A1626DF71B555A5F006D990C /* address_search */ = {
			isa = PBXGroup;
			children = (
				A1626DF81B555A79006D990C /* AddressSearchController.swift */,
				A1660FF61B568B6700608C5D /* ResultsControllerAddressSearch.swift */,
				A156757A1B57D537006982A1 /* ResultsTableViewCellAddressSearch.xib */,
				A156757C1B57D549006982A1 /* ResultsTableViewCellAddressSearch.swift */,
			);
			name = address_search;
			sourceTree = "<group>";
		};
		A16481F91B5D552D0023DE09 /* address_show */ = {
			isa = PBXGroup;
			children = (
				A15429B51CA1D5470023AC0C /* air_now */,
				A15429B61CA1D5510023AC0C /* aqi_explanation */,
				279FB4CA1CEA500200B5C8AA /* daily_tracker */,
				A16481FA1B5D553F0023DE09 /* AddressShowController.swift */,
			);
			name = address_show;
			sourceTree = "<group>";
		};
		A1666F741B54125400A8E39F = {
			isa = PBXGroup;
			children = (
				A11844B21BAA0A9D00435D11 /* CoreLocation.framework */,
				A1666F7F1B54125400A8E39F /* AirPrototype */,
				A1666F981B54125400A8E39F /* AirPrototypeTests */,
				A1666F7E1B54125400A8E39F /* Products */,
			);
			sourceTree = "<group>";
		};
		A1666F7E1B54125400A8E39F /* Products */ = {
			isa = PBXGroup;
			children = (
				A1666F7D1B54125400A8E39F /* SpeckSensor.app */,
			);
			name = Products;
			sourceTree = "<group>";
		};
		A1666F7F1B54125400A8E39F /* AirPrototype */ = {
			isa = PBXGroup;
			children = (
				A1666FA51B54142600A8E39F /* activities (ios controllers) */,
				A1666FA81B54172300A8E39F /* classes */,
				A1666FAF1B541B1300A8E39F /* helpers */,
				A11844AD1BA9E6CE00435D11 /* services */,
				A1666F891B54125400A8E39F /* Main.storyboard */,
				A1666F8C1B54125400A8E39F /* Images.xcassets */,
				A1666F8E1B54125400A8E39F /* LaunchScreen.xib */,
				A1666F801B54125400A8E39F /* Supporting Files */,
			);
			path = AirPrototype;
			sourceTree = "<group>";
		};
		A1666F801B54125400A8E39F /* Supporting Files */ = {
			isa = PBXGroup;
			children = (
				27C022531CEB502D00C34EFD /* webviews */,
				A160A0EA1BD6826B0059833F /* ic_mode_edit_2x.png */,
				A160A0EB1BD6826B0059833F /* ic_mode_edit_3x.png */,
				A160A0EC1BD6826B0059833F /* ic_mode_edit.png */,
				A17A84911C92051B00FDACA7 /* ic_near_me_2x.png */,
				A17A84921C92051B00FDACA7 /* ic_near_me_3x.png */,
				A17A84931C92051B00FDACA7 /* ic_near_me.png */,
				A17A84971C92052400FDACA7 /* ic_keyboard_arrow_right_2x.png */,
				A17A84981C92052400FDACA7 /* ic_keyboard_arrow_right_3x.png */,
				A17A84991C92052400FDACA7 /* ic_keyboard_arrow_right.png */,
				A151323D1BB57CFC0036577D /* Icon-29.png */,
				A151323F1BB57D0C0036577D /* Icon-40.png */,
				A15132331BB57CCD0036577D /* Icon-58.png */,
				A15132411BB57D1D0036577D /* Icon-76.png */,
				A15132451BB57D7B0036577D /* Icon-80.png */,
				A15132341BB57CCD0036577D /* Icon-87.png */,
				A15132381BB57CDF0036577D /* Icon-120.png */,
				A15132421BB57D1D0036577D /* Icon-152.png */,
				A1A4EA051C74E34300C10D3B /* Icon-167.png */,
				A151323B1BB57CEE0036577D /* Icon-180.png */,
				A15C18611BA757F30070D52D /* Dosis-Light.ttf */,
				A15C185F1BA757330070D52D /* twitterlogo_small_white.png */,
				A1567DD51BE3F39F00578095 /* logo_specksensor-black.png */,
				A1666F811B54125400A8E39F /* Info.plist */,
			);
			name = "Supporting Files";
			sourceTree = "<group>";
		};
		A1666F981B54125400A8E39F /* AirPrototypeTests */ = {
			isa = PBXGroup;
			children = (
				A1666F9B1B54125400A8E39F /* AirPrototypeTests.swift */,
				A1666F991B54125400A8E39F /* Supporting Files */,
			);
			path = AirPrototypeTests;
			sourceTree = "<group>";
		};
		A1666F991B54125400A8E39F /* Supporting Files */ = {
			isa = PBXGroup;
			children = (
				A1666F9A1B54125400A8E39F /* Info.plist */,
			);
			name = "Supporting Files";
			sourceTree = "<group>";
		};
		A1666FA51B54142600A8E39F /* activities (ios controllers) */ = {
			isa = PBXGroup;
			children = (
				A1626DF71B555A5F006D990C /* address_search */,
				A15429B41CA1D22A0023AC0C /* options_menu */,
				A14C45691BA0B28D00D6C9CF /* readable_index */,
				A16481F91B5D552D0023DE09 /* address_show */,
				A1D4F8961BE7B068002D5849 /* secret_menu */,
			);
			name = "activities (ios controllers)";
			sourceTree = "<group>";
		};
		A1666FA81B54172300A8E39F /* classes */ = {
			isa = PBXGroup;
			children = (
				274F6ADE1D0B1C350012DE95 /* aqi_scales */,
				27242E061E01AFB100DB24F3 /* channels */,
				27242E071E01AFC500DB24F3 /* readable_values */,
				A15CDB331C85D844002D5C0F /* readables */,
				A15CDB341C85D849002D5C0F /* timers */,
				A182D2371C6BBF2300DBA4F0 /* AirNowObservation.swift */,
				A187D3621C7269EC000BB107 /* EsdrAccount.swift */,
				27D9F7021CE21B490066E1B5 /* DailyFeedTracker.swift */,
				27D9F7041CE21B550066E1B5 /* DayFeedValue.swift */,
			);
			name = classes;
			sourceTree = "<group>";
		};
		A1666FAF1B541B1300A8E39F /* helpers */ = {
			isa = PBXGroup;
			children = (
				A15CDB351C85D8A2002D5C0F /* application */,
				A15CDB371C85D8AD002D5C0F /* http */,
				A1666FB01B541B1900A8E39F /* static_classes */,
				A158F6141B8E502300FCE2E1 /* structs */,
				A15CDB361C85D8A8002D5C0F /* system */,
			);
			name = helpers;
			sourceTree = "<group>";
		};
		A1666FB01B541B1900A8E39F /* static_classes */ = {
			isa = PBXGroup;
			children = (
				A15CDB3B1C85E033002D5C0F /* parsers */,
				A15675801B583AAA006982A1 /* AqiConverter.swift */,
				A1666FB31B541D0500A8E39F /* Constants.swift */,
				27C32FB71CB594490063BF23 /* ManualOverrides.swift */,
				A15675821B5844C9006982A1 /* MapGeometry.swift */,
				A14E5C731C7CDA2800D08A34 /* HttpHelper.swift */,
			);
			name = static_classes;
			sourceTree = "<group>";
		};
		A16F70851BAB272E00F616F6 /* login */ = {
			isa = PBXGroup;
			children = (
				A16F70861BAB277A00F616F6 /* LoginController.swift */,
				A16F70901BAB3BD500F616F6 /* LoginView.swift */,
				A16F708C1BAB316500F616F6 /* LoginView.xib */,
				A16F70921BAB3D8100F616F6 /* LogoutView.swift */,
				A16F708E1BAB370600F616F6 /* LogoutView.xib */,
			);
			name = login;
			sourceTree = "<group>";
		};
		A1D4F8961BE7B068002D5849 /* secret_menu */ = {
			isa = PBXGroup;
			children = (
				A1E092A61BE2B51400D652CA /* SecretMenuController.swift */,
				A1D4F8971BE7CD19002D5849 /* SecretMenuTableCell.swift */,
			);
			name = secret_menu;
			sourceTree = "<group>";
		};
/* End PBXGroup section */

/* Begin PBXNativeTarget section */
		A1666F7C1B54125400A8E39F /* SpeckSensor */ = {
			isa = PBXNativeTarget;
			buildConfigurationList = A1666F9F1B54125400A8E39F /* Build configuration list for PBXNativeTarget "SpeckSensor" */;
			buildPhases = (
				A1666F791B54125400A8E39F /* Sources */,
				A1666F7A1B54125400A8E39F /* Frameworks */,
				A1666F7B1B54125400A8E39F /* Resources */,
			);
			buildRules = (
			);
			dependencies = (
			);
			name = SpeckSensor;
			productName = AirPrototype;
			productReference = A1666F7D1B54125400A8E39F /* SpeckSensor.app */;
			productType = "com.apple.product-type.application";
		};
/* End PBXNativeTarget section */

/* Begin PBXProject section */
		A1666F751B54125400A8E39F /* Project object */ = {
			isa = PBXProject;
			attributes = {
				LastSwiftMigration = 0700;
				LastSwiftUpdateCheck = 0700;
				LastUpgradeCheck = 0700;
				ORGANIZATIONNAME = "CMU Create Lab";
				TargetAttributes = {
					A1666F7C1B54125400A8E39F = {
						CreatedOnToolsVersion = 6.4;
						DevelopmentTeam = DJ238GZPC2;
						LastSwiftMigration = 0830;
						SystemCapabilities = {
							com.apple.BackgroundModes = {
								enabled = 1;
							};
						};
					};
				};
			};
			buildConfigurationList = A1666F781B54125400A8E39F /* Build configuration list for PBXProject "AirPrototype" */;
			compatibilityVersion = "Xcode 3.2";
			developmentRegion = English;
			hasScannedForEncodings = 0;
			knownRegions = (
				en,
				Base,
			);
			mainGroup = A1666F741B54125400A8E39F;
			productRefGroup = A1666F7E1B54125400A8E39F /* Products */;
			projectDirPath = "";
			projectRoot = "";
			targets = (
				A1666F7C1B54125400A8E39F /* SpeckSensor */,
			);
		};
/* End PBXProject section */

/* Begin PBXResourcesBuildPhase section */
		A1666F7B1B54125400A8E39F /* Resources */ = {
			isa = PBXResourcesBuildPhase;
			buildActionMask = 2147483647;
			files = (
				A1666F8B1B54125400A8E39F /* Main.storyboard in Resources */,
				27C0225C1CEB50DC00C34EFD /* jquery-1.12.3.min.js in Resources */,
				A17A849B1C92052400FDACA7 /* ic_keyboard_arrow_right_3x.png in Resources */,
				A15132431BB57D1D0036577D /* Icon-76.png in Resources */,
				27C0225A1CEB50CC00C34EFD /* daily_tracker_grid.html in Resources */,
				A15C18601BA757330070D52D /* twitterlogo_small_white.png in Resources */,
				A15132441BB57D1D0036577D /* Icon-152.png in Resources */,
				A156757B1B57D537006982A1 /* ResultsTableViewCellAddressSearch.xib in Resources */,
				A1567DD61BE3F39F00578095 /* logo_specksensor-black.png in Resources */,
				A151323C1BB57CEE0036577D /* Icon-180.png in Resources */,
				A1A4EA061C74E34300C10D3B /* Icon-167.png in Resources */,
				A17A849C1C92052400FDACA7 /* ic_keyboard_arrow_right.png in Resources */,
				A17A84951C92051B00FDACA7 /* ic_near_me_3x.png in Resources */,
				A17A849A1C92052400FDACA7 /* ic_keyboard_arrow_right_2x.png in Resources */,
				A160A0EE1BD6826B0059833F /* ic_mode_edit_3x.png in Resources */,
				A17A84941C92051B00FDACA7 /* ic_near_me_2x.png in Resources */,
				A16F708D1BAB316500F616F6 /* LoginView.xib in Resources */,
				A17A84961C92051B00FDACA7 /* ic_near_me.png in Resources */,
				A160A0EF1BD6826B0059833F /* ic_mode_edit.png in Resources */,
				A151323A1BB57CDF0036577D /* Icon-120.png in Resources */,
				A16F708F1BAB370600F616F6 /* LogoutView.xib in Resources */,
				A151323E1BB57CFC0036577D /* Icon-29.png in Resources */,
				A160A0ED1BD6826B0059833F /* ic_mode_edit_2x.png in Resources */,
				A15132351BB57CCD0036577D /* Icon-58.png in Resources */,
				A1666F901B54125400A8E39F /* LaunchScreen.xib in Resources */,
				A15C18621BA757F30070D52D /* Dosis-Light.ttf in Resources */,
				A1666F8D1B54125400A8E39F /* Images.xcassets in Resources */,
				A15132461BB57D7B0036577D /* Icon-80.png in Resources */,
				A15132361BB57CCD0036577D /* Icon-87.png in Resources */,
				A15132401BB57D0C0036577D /* Icon-40.png in Resources */,
			);
			runOnlyForDeploymentPostprocessing = 0;
		};
/* End PBXResourcesBuildPhase section */

/* Begin PBXSourcesBuildPhase section */
		A1666F791B54125400A8E39F /* Sources */ = {
			isa = PBXSourcesBuildPhase;
			buildActionMask = 2147483647;
			files = (
				27242E1D1E01E92400DB24F3 /* Pm25_NowCast.swift in Sources */,
				27242E1B1E01E00400DB24F3 /* Pm25_InstantCast.swift in Sources */,
				A17DFA7A1C4418D200B2A7B4 /* NowCastCalculator.swift in Sources */,
				275E69921FE2E881009900EF /* EsdrHoneybeesHandler.swift in Sources */,
				A16F70871BAB277A00F616F6 /* LoginController.swift in Sources */,
				A1666FAE1B5419D300A8E39F /* Channel.swift in Sources */,
				A16764021C248128001A94D6 /* EsdrLoginHandler.swift in Sources */,
				A156757D1B57D549006982A1 /* ResultsTableViewCellAddressSearch.swift in Sources */,
				275D62161E0303E9001292D8 /* OzoneReadable.swift in Sources */,
				A1F58E591B97284800D04C91 /* Readable.swift in Sources */,
				A17DFA7C1C4438DA00B2A7B4 /* EsdrTilesHandler.swift in Sources */,
				275D62181E0307C9001292D8 /* HumidityReadable.swift in Sources */,
				A15675811B583AAA006982A1 /* AqiConverter.swift in Sources */,
				A1666FB21B541CF400A8E39F /* GlobalHandler.swift in Sources */,
				275D621A1E03083B001292D8 /* TemperatureReadable.swift in Sources */,
				2744C3682003E01900A189AA /* LargeParticleValue.swift in Sources */,
				27242E191E01DFB500DB24F3 /* TemperatureValue.swift in Sources */,
				A15675831B5844C9006982A1 /* MapGeometry.swift in Sources */,
				27D9F7051CE21B550066E1B5 /* DayFeedValue.swift in Sources */,
				A1666FAC1B54190A00A8E39F /* Feed.swift in Sources */,
				A1F58E5D1B975BE700D04C91 /* EsdrAuthHandler.swift in Sources */,
				274F6AE41D0B1F640012DE95 /* SpeckReading.swift in Sources */,
				A1551C661C29CCFB005ED28B /* ReadingsHandlerCore.swift in Sources */,
				A1740DBC1BC41B5B00617185 /* AboutSpeckController.swift in Sources */,
				A16A14711B5FD9070026E9C8 /* EsdrJsonParser.swift in Sources */,
				A1551C6A1C29CD72005ED28B /* ReadingsHandlerEditable.swift in Sources */,
				A15CDB401C861689002D5C0F /* AirNowDetailsController.swift in Sources */,
				27A1593C2006ABA400C7B79F /* HoneybeeReading.swift in Sources */,
				A167F08B1C6D02C80006E1F6 /* AirNowJsonParser.swift in Sources */,
				27242E0F1E01DCA800DB24F3 /* HumidityValue.swift in Sources */,
				275E698C1FE2CF7B009900EF /* SmallParticleChannel.swift in Sources */,
				A1E2A91D1B99ED47003A3B3A /* SettingsHandler.swift in Sources */,
				A1666F831B54125400A8E39F /* AppDelegate.swift in Sources */,
				A17527C41BD556A7007526C0 /* ManageTrackersController.swift in Sources */,
				A1666FB61B542E6A00A8E39F /* HttpRequestHandler.swift in Sources */,
				27242E151E01DD6800DB24F3 /* Pm25Channel.swift in Sources */,
				A158E1361BCFE6370026944E /* Timer.swift in Sources */,
				275D621C1E030C2C001292D8 /* Pm25Feed.swift in Sources */,
				274F6AE61D0B1F800012DE95 /* WHOReading.swift in Sources */,
				A1F58E5B1B972DD700D04C91 /* Speck.swift in Sources */,
				A1666FAA1B54176D00A8E39F /* SimpleAddress.swift in Sources */,
				A158F6161B8E504500FCE2E1 /* Location.swift in Sources */,
				27242E091E01B02C00DB24F3 /* ReadableValue.swift in Sources */,
				275D621E1E030F89001292D8 /* AirQualityFeed.swift in Sources */,
				275D62111E02E725001292D8 /* Ozone_NowCast.swift in Sources */,
				A15CDB3E1C861673002D5C0F /* AqiExplanationDetailsController.swift in Sources */,
				279FB4CC1CEA502800B5C8AA /* DailyTrackerController.swift in Sources */,
				27242E131E01DD1100DB24F3 /* OzoneChannel.swift in Sources */,
				A1626DF91B555A79006D990C /* AddressSearchController.swift in Sources */,
				27242E0B1E01BE1100DB24F3 /* AqiReadableValue.swift in Sources */,
				A14C456F1BA0B46700D6C9CF /* ReadableIndexCell.swift in Sources */,
				A1551C701C29D35B005ED28B /* GpsReadingHandler.swift in Sources */,
				A11844AF1BA9E7A600435D11 /* ServicesHandler.swift in Sources */,
				A187D3631C7269EC000BB107 /* EsdrAccount.swift in Sources */,
				A182D2381C6BBF2300DBA4F0 /* AirNowObservation.swift in Sources */,
				A16481FB1B5D553F0023DE09 /* AddressShowController.swift in Sources */,
				275E698E1FE2CFBB009900EF /* SmallParticleReadable.swift in Sources */,
				274F6AE21D0B1F550012DE95 /* AQIReading.swift in Sources */,
				A1FEAB411B8CF19D00F9716B /* StoredAddress.swift in Sources */,
				27C32FB81CB594490063BF23 /* ManualOverrides.swift in Sources */,
				27D9F7031CE21B490066E1B5 /* DailyFeedTracker.swift in Sources */,
				A17361F71C231EA40012FC62 /* EsdrSpecksHandler.swift in Sources */,
				A182D2361C6BB4A600DBA4F0 /* AirNowReadable.swift in Sources */,
				A1660FF71B568B6700608C5D /* ResultsControllerAddressSearch.swift in Sources */,
				275E69881FE2C955009900EF /* LargeParticleReadable.swift in Sources */,
				A14C456B1BA0B2B000D6C9CF /* ReadableIndexController.swift in Sources */,
				A103E6081BE12A5E0065378D /* SettingsController.swift in Sources */,
				A11844B11BA9FECC00435D11 /* CLLocationService.swift in Sources */,
				275D62141E03036F001292D8 /* Pm25Readable.swift in Sources */,
				A167F08D1C6D0A9B0006E1F6 /* AirNowRequestHandler.swift in Sources */,
				A158F6111B8E000F00FCE2E1 /* DatabaseHelper.swift in Sources */,
				A158B4D21C21FF27006CC0E5 /* SpeckDbHelper.swift in Sources */,
				A158F6131B8E305A00FCE2E1 /* EsdrFeedsHandler.swift in Sources */,
				27242E1F1E01EA4400DB24F3 /* Ozone_InstantCast.swift in Sources */,
				2744C36A2003E02500A189AA /* SmallParticleValue.swift in Sources */,
				A14CA69E1C87309700E61894 /* AirNowDetailsTableCell.swift in Sources */,
				27242E171E01DD7D00DB24F3 /* TemperatureChannel.swift in Sources */,
				27242E111E01DCFC00DB24F3 /* HumidityChannel.swift in Sources */,
				275E698A1FE2C9C2009900EF /* LargeParticleChannel.swift in Sources */,
				A14C456D1BA0B45D00D6C9CF /* ReadableIndexHeader.swift in Sources */,
				A158B4D01C21FD48006CC0E5 /* AddressDbHelper.swift in Sources */,
				A1666F861B54125400A8E39F /* AirPrototype.xcdatamodeld in Sources */,
				A1E092A71BE2B51400D652CA /* SecretMenuController.swift in Sources */,
				A16F70911BAB3BD500F616F6 /* LoginView.swift in Sources */,
				275E69901FE2D105009900EF /* Honeybee.swift in Sources */,
				A167F0891C6CED3E0006E1F6 /* WuJsonParser.swift in Sources */,
				A1D4F8981BE7CD19002D5849 /* SecretMenuTableCell.swift in Sources */,
				A16764041C248A5C001A94D6 /* PositionIdHelper.swift in Sources */,
				A16F70931BAB3D8100F616F6 /* LogoutView.swift in Sources */,
				27242E0D1E01BEBA00DB24F3 /* Pm25AqiReadableValue.swift in Sources */,
				274F6AE01D0B1C4C0012DE95 /* Scalable.swift in Sources */,
				A18479D71BDE6990009CB151 /* StoredSpeck.swift in Sources */,
				A1551C631C29BB5F005ED28B /* ReadingsHandler.swift in Sources */,
				A158E13A1BCFF9440026944E /* AutocompleteTimer.swift in Sources */,
				A17527C61BD55791007526C0 /* ManageTrackersTableViewCell.swift in Sources */,
				A14E5C741C7CDA2800D08A34 /* HttpHelper.swift in Sources */,
				A158E1381BCFE9B20026944E /* RefreshTimer.swift in Sources */,
				A1666FB41B541D0500A8E39F /* Constants.swift in Sources */,
			);
			runOnlyForDeploymentPostprocessing = 0;
		};
/* End PBXSourcesBuildPhase section */

/* Begin PBXVariantGroup section */
		A1666F891B54125400A8E39F /* Main.storyboard */ = {
			isa = PBXVariantGroup;
			children = (
				A1666F8A1B54125400A8E39F /* Base */,
			);
			name = Main.storyboard;
			sourceTree = "<group>";
		};
		A1666F8E1B54125400A8E39F /* LaunchScreen.xib */ = {
			isa = PBXVariantGroup;
			children = (
				A1666F8F1B54125400A8E39F /* Base */,
			);
			name = LaunchScreen.xib;
			sourceTree = "<group>";
		};
/* End PBXVariantGroup section */

/* Begin XCBuildConfiguration section */
		A1666F9D1B54125400A8E39F /* Debug */ = {
			isa = XCBuildConfiguration;
			buildSettings = {
				ALWAYS_SEARCH_USER_PATHS = NO;
				CLANG_CXX_LANGUAGE_STANDARD = "gnu++0x";
				CLANG_CXX_LIBRARY = "libc++";
				CLANG_ENABLE_MODULES = YES;
				CLANG_ENABLE_OBJC_ARC = YES;
				CLANG_WARN_BOOL_CONVERSION = YES;
				CLANG_WARN_CONSTANT_CONVERSION = YES;
				CLANG_WARN_DIRECT_OBJC_ISA_USAGE = YES_ERROR;
				CLANG_WARN_EMPTY_BODY = YES;
				CLANG_WARN_ENUM_CONVERSION = YES;
				CLANG_WARN_INT_CONVERSION = YES;
				CLANG_WARN_OBJC_ROOT_CLASS = YES_ERROR;
				CLANG_WARN_UNREACHABLE_CODE = YES;
				CLANG_WARN__DUPLICATE_METHOD_MATCH = YES;
				"CODE_SIGN_IDENTITY[sdk=iphoneos*]" = "iPhone Developer";
				COPY_PHASE_STRIP = NO;
				DEBUG_INFORMATION_FORMAT = "dwarf-with-dsym";
				ENABLE_STRICT_OBJC_MSGSEND = YES;
				ENABLE_TESTABILITY = YES;
				GCC_C_LANGUAGE_STANDARD = gnu99;
				GCC_DYNAMIC_NO_PIC = NO;
				GCC_NO_COMMON_BLOCKS = YES;
				GCC_OPTIMIZATION_LEVEL = 0;
				GCC_PREPROCESSOR_DEFINITIONS = (
					"DEBUG=1",
					"$(inherited)",
				);
				GCC_SYMBOLS_PRIVATE_EXTERN = NO;
				GCC_WARN_64_TO_32_BIT_CONVERSION = YES;
				GCC_WARN_ABOUT_RETURN_TYPE = YES_ERROR;
				GCC_WARN_UNDECLARED_SELECTOR = YES;
				GCC_WARN_UNINITIALIZED_AUTOS = YES_AGGRESSIVE;
				GCC_WARN_UNUSED_FUNCTION = YES;
				GCC_WARN_UNUSED_VARIABLE = YES;
				IPHONEOS_DEPLOYMENT_TARGET = 8.4;
				MTL_ENABLE_DEBUG_INFO = YES;
				ONLY_ACTIVE_ARCH = YES;
				SDKROOT = iphoneos;
				SWIFT_OPTIMIZATION_LEVEL = "-Onone";
				TARGETED_DEVICE_FAMILY = "1,2";
			};
			name = Debug;
		};
		A1666F9E1B54125400A8E39F /* Release */ = {
			isa = XCBuildConfiguration;
			buildSettings = {
				ALWAYS_SEARCH_USER_PATHS = NO;
				CLANG_CXX_LANGUAGE_STANDARD = "gnu++0x";
				CLANG_CXX_LIBRARY = "libc++";
				CLANG_ENABLE_MODULES = YES;
				CLANG_ENABLE_OBJC_ARC = YES;
				CLANG_WARN_BOOL_CONVERSION = YES;
				CLANG_WARN_CONSTANT_CONVERSION = YES;
				CLANG_WARN_DIRECT_OBJC_ISA_USAGE = YES_ERROR;
				CLANG_WARN_EMPTY_BODY = YES;
				CLANG_WARN_ENUM_CONVERSION = YES;
				CLANG_WARN_INT_CONVERSION = YES;
				CLANG_WARN_OBJC_ROOT_CLASS = YES_ERROR;
				CLANG_WARN_UNREACHABLE_CODE = YES;
				CLANG_WARN__DUPLICATE_METHOD_MATCH = YES;
				"CODE_SIGN_IDENTITY[sdk=iphoneos*]" = "iPhone Developer";
				COPY_PHASE_STRIP = NO;
				DEBUG_INFORMATION_FORMAT = "dwarf-with-dsym";
				ENABLE_NS_ASSERTIONS = NO;
				ENABLE_STRICT_OBJC_MSGSEND = YES;
				GCC_C_LANGUAGE_STANDARD = gnu99;
				GCC_NO_COMMON_BLOCKS = YES;
				GCC_WARN_64_TO_32_BIT_CONVERSION = YES;
				GCC_WARN_ABOUT_RETURN_TYPE = YES_ERROR;
				GCC_WARN_UNDECLARED_SELECTOR = YES;
				GCC_WARN_UNINITIALIZED_AUTOS = YES_AGGRESSIVE;
				GCC_WARN_UNUSED_FUNCTION = YES;
				GCC_WARN_UNUSED_VARIABLE = YES;
				IPHONEOS_DEPLOYMENT_TARGET = 8.4;
				MTL_ENABLE_DEBUG_INFO = NO;
				SDKROOT = iphoneos;
				TARGETED_DEVICE_FAMILY = "1,2";
				VALIDATE_PRODUCT = YES;
			};
			name = Release;
		};
		A1666FA01B54125400A8E39F /* Debug */ = {
			isa = XCBuildConfiguration;
			buildSettings = {
				ASSETCATALOG_COMPILER_APPICON_NAME = AppIcon;
				CLANG_ENABLE_MODULES = YES;
				CODE_SIGN_IDENTITY = "iPhone Developer";
				"CODE_SIGN_IDENTITY[sdk=iphoneos*]" = "iPhone Developer";
				INFOPLIST_FILE = AirPrototype/Info.plist;
				IPHONEOS_DEPLOYMENT_TARGET = 8.4;
				LD_RUNPATH_SEARCH_PATHS = "$(inherited) @executable_path/Frameworks";
				PRODUCT_BUNDLE_IDENTIFIER = "org.cmucreatelab.tasota.$(PRODUCT_NAME:rfc1034identifier)";
				PRODUCT_NAME = "$(TARGET_NAME)";
				PROVISIONING_PROFILE = "";
				SWIFT_OPTIMIZATION_LEVEL = "-Onone";
				SWIFT_VERSION = 3.0;
			};
			name = Debug;
		};
		A1666FA11B54125400A8E39F /* Release */ = {
			isa = XCBuildConfiguration;
			buildSettings = {
				ASSETCATALOG_COMPILER_APPICON_NAME = AppIcon;
				CLANG_ENABLE_MODULES = YES;
				CODE_SIGN_IDENTITY = "iPhone Developer";
				"CODE_SIGN_IDENTITY[sdk=iphoneos*]" = "iPhone Developer";
				INFOPLIST_FILE = AirPrototype/Info.plist;
				IPHONEOS_DEPLOYMENT_TARGET = 8.4;
				LD_RUNPATH_SEARCH_PATHS = "$(inherited) @executable_path/Frameworks";
				PRODUCT_BUNDLE_IDENTIFIER = "org.cmucreatelab.tasota.$(PRODUCT_NAME:rfc1034identifier)";
				PRODUCT_NAME = "$(TARGET_NAME)";
				PROVISIONING_PROFILE = "";
				SWIFT_VERSION = 3.0;
			};
			name = Release;
		};
/* End XCBuildConfiguration section */

/* Begin XCConfigurationList section */
		A1666F781B54125400A8E39F /* Build configuration list for PBXProject "AirPrototype" */ = {
			isa = XCConfigurationList;
			buildConfigurations = (
				A1666F9D1B54125400A8E39F /* Debug */,
				A1666F9E1B54125400A8E39F /* Release */,
			);
			defaultConfigurationIsVisible = 0;
			defaultConfigurationName = Release;
		};
		A1666F9F1B54125400A8E39F /* Build configuration list for PBXNativeTarget "SpeckSensor" */ = {
			isa = XCConfigurationList;
			buildConfigurations = (
				A1666FA01B54125400A8E39F /* Debug */,
				A1666FA11B54125400A8E39F /* Release */,
			);
			defaultConfigurationIsVisible = 0;
			defaultConfigurationName = Release;
		};
/* End XCConfigurationList section */

/* Begin XCVersionGroup section */
		A1666F841B54125400A8E39F /* AirPrototype.xcdatamodeld */ = {
			isa = XCVersionGroup;
			children = (
				A1435D9A1BEAF5DF00231835 /* AirPrototype 3.xcdatamodel */,
				A16133721BD7FE5A006F20BC /* AirPrototype 2.xcdatamodel */,
				A1666F851B54125400A8E39F /* AirPrototype.xcdatamodel */,
			);
			currentVersion = A16133721BD7FE5A006F20BC /* AirPrototype 2.xcdatamodel */;
			path = AirPrototype.xcdatamodeld;
			sourceTree = "<group>";
			versionGroupType = wrapper.xcdatamodel;
		};
/* End XCVersionGroup section */
	};
	rootObject = A1666F751B54125400A8E39F /* Project object */;
}
